// !$*UTF8*$!
{
	archiveVersion = 1;
	classes = {
	};
	objectVersion = 52;
	objects = {

/* Begin PBXBuildFile section */
		DBCA934F2745406000F5A439 /* Alamofire in Frameworks */ = {isa = PBXBuildFile; productRef = DBCA934E2745406000F5A439 /* Alamofire */; };
		DBE5BD5D27452FD700724336 /* ImageDownloader.framework in Frameworks */ = {isa = PBXBuildFile; fileRef = DBE5BD5327452FD700724336 /* ImageDownloader.framework */; };
		DBE5BD6427452FD700724336 /* ImageDownloader.h in Headers */ = {isa = PBXBuildFile; fileRef = DBE5BD5627452FD700724336 /* ImageDownloader.h */; settings = {ATTRIBUTES = (Public, ); }; };
		DBE5BD762745314D00724336 /* DiskCache.swift in Sources */ = {isa = PBXBuildFile; fileRef = DBE5BD752745314C00724336 /* DiskCache.swift */; };
		DBE5BD782745317600724336 /* DiskCacheCleaner.swift in Sources */ = {isa = PBXBuildFile; fileRef = DBE5BD772745317600724336 /* DiskCacheCleaner.swift */; };
		DBE5BD7A2745319300724336 /* DiskCacheFileManager.swift in Sources */ = {isa = PBXBuildFile; fileRef = DBE5BD792745319300724336 /* DiskCacheFileManager.swift */; };
		DBE5BD7C274531AD00724336 /* DiskItemIndex.swift in Sources */ = {isa = PBXBuildFile; fileRef = DBE5BD7B274531AD00724336 /* DiskItemIndex.swift */; };
		DBE5BD7E274531C700724336 /* CacheKey.swift in Sources */ = {isa = PBXBuildFile; fileRef = DBE5BD7D274531C700724336 /* CacheKey.swift */; };
		DBE5BD80274537DE00724336 /* ImageContainer.swift in Sources */ = {isa = PBXBuildFile; fileRef = DBE5BD7F274537DE00724336 /* ImageContainer.swift */; };
		DBE5BD822745394000724336 /* KeyStore.swift in Sources */ = {isa = PBXBuildFile; fileRef = DBE5BD812745394000724336 /* KeyStore.swift */; };
		DBE5BD842745395E00724336 /* MemoryCache.swift in Sources */ = {isa = PBXBuildFile; fileRef = DBE5BD832745395E00724336 /* MemoryCache.swift */; };
		DBE5BD8627453A4500724336 /* CacheKeyTestCase.swift in Sources */ = {isa = PBXBuildFile; fileRef = DBE5BD8527453A4500724336 /* CacheKeyTestCase.swift */; };
		DBE5BD8827453C3800724336 /* DiskCacheFileManagerTestCase.swift in Sources */ = {isa = PBXBuildFile; fileRef = DBE5BD8727453C3800724336 /* DiskCacheFileManagerTestCase.swift */; };
		DBE5BD8A27453CFA00724336 /* DiskCacheTestCase.swift in Sources */ = {isa = PBXBuildFile; fileRef = DBE5BD8927453CFA00724336 /* DiskCacheTestCase.swift */; };
		DBE5BD8F27453DBD00724336 /* ImageCacheTestCase.swift in Sources */ = {isa = PBXBuildFile; fileRef = DBE5BD8E27453DBD00724336 /* ImageCacheTestCase.swift */; };
		DBE5BD9127453DE300724336 /* ImageCache.swift in Sources */ = {isa = PBXBuildFile; fileRef = DBE5BD9027453DE300724336 /* ImageCache.swift */; };
		DBE5BD9327453E1A00724336 /* ImageDownloader.swift in Sources */ = {isa = PBXBuildFile; fileRef = DBE5BD9227453E1A00724336 /* ImageDownloader.swift */; };
		DBE5BD9827453E7000724336 /* MemoryCacheTestCase.swift in Sources */ = {isa = PBXBuildFile; fileRef = DBE5BD9727453E7000724336 /* MemoryCacheTestCase.swift */; };
		DBE5BD9B27453EB200724336 /* ImageDownloaderTestCase.swift in Sources */ = {isa = PBXBuildFile; fileRef = DBE5BD9A27453EB200724336 /* ImageDownloaderTestCase.swift */; };
		DBE5BD9E27453F0B00724336 /* DiskCacheSpy.swift in Sources */ = {isa = PBXBuildFile; fileRef = DBE5BD9D27453F0B00724336 /* DiskCacheSpy.swift */; };
		DBE5BDA027453F2400724336 /* DiskCacheCleanerSpy.swift in Sources */ = {isa = PBXBuildFile; fileRef = DBE5BD9F27453F2400724336 /* DiskCacheCleanerSpy.swift */; };
		DBE5BDA227453F4100724336 /* MemoryCacheSpy.swift in Sources */ = {isa = PBXBuildFile; fileRef = DBE5BDA127453F4100724336 /* MemoryCacheSpy.swift */; };
		DBE5BDA427453F6700724336 /* ImageCachingSpy.swift in Sources */ = {isa = PBXBuildFile; fileRef = DBE5BDA327453F6700724336 /* ImageCachingSpy.swift */; };
		DBE5BDA627453F8900724336 /* ImageDownloadCancelable.swift in Sources */ = {isa = PBXBuildFile; fileRef = DBE5BDA527453F8900724336 /* ImageDownloadCancelable.swift */; };
/* End PBXBuildFile section */

/* Begin PBXContainerItemProxy section */
		DBE5BD5E27452FD700724336 /* PBXContainerItemProxy */ = {
			isa = PBXContainerItemProxy;
			containerPortal = DBE5BD4A27452FD700724336 /* Project object */;
			proxyType = 1;
			remoteGlobalIDString = DBE5BD5227452FD700724336;
			remoteInfo = ImageDownloader;
		};
/* End PBXContainerItemProxy section */

/* Begin PBXFileReference section */
		DBE5BD5327452FD700724336 /* ImageDownloader.framework */ = {isa = PBXFileReference; explicitFileType = wrapper.framework; includeInIndex = 0; path = ImageDownloader.framework; sourceTree = BUILT_PRODUCTS_DIR; };
		DBE5BD5627452FD700724336 /* ImageDownloader.h */ = {isa = PBXFileReference; lastKnownFileType = sourcecode.c.h; path = ImageDownloader.h; sourceTree = "<group>"; };
		DBE5BD5727452FD700724336 /* Info.plist */ = {isa = PBXFileReference; lastKnownFileType = text.plist.xml; path = Info.plist; sourceTree = "<group>"; };
		DBE5BD5C27452FD700724336 /* ImageDownloaderTests.xctest */ = {isa = PBXFileReference; explicitFileType = wrapper.cfbundle; includeInIndex = 0; path = ImageDownloaderTests.xctest; sourceTree = BUILT_PRODUCTS_DIR; };
		DBE5BD6327452FD700724336 /* Info.plist */ = {isa = PBXFileReference; lastKnownFileType = text.plist.xml; path = Info.plist; sourceTree = "<group>"; };
		DBE5BD752745314C00724336 /* DiskCache.swift */ = {isa = PBXFileReference; lastKnownFileType = sourcecode.swift; path = DiskCache.swift; sourceTree = "<group>"; };
		DBE5BD772745317600724336 /* DiskCacheCleaner.swift */ = {isa = PBXFileReference; lastKnownFileType = sourcecode.swift; path = DiskCacheCleaner.swift; sourceTree = "<group>"; };
		DBE5BD792745319300724336 /* DiskCacheFileManager.swift */ = {isa = PBXFileReference; lastKnownFileType = sourcecode.swift; path = DiskCacheFileManager.swift; sourceTree = "<group>"; };
		DBE5BD7B274531AD00724336 /* DiskItemIndex.swift */ = {isa = PBXFileReference; lastKnownFileType = sourcecode.swift; path = DiskItemIndex.swift; sourceTree = "<group>"; };
		DBE5BD7D274531C700724336 /* CacheKey.swift */ = {isa = PBXFileReference; lastKnownFileType = sourcecode.swift; path = CacheKey.swift; sourceTree = "<group>"; };
		DBE5BD7F274537DE00724336 /* ImageContainer.swift */ = {isa = PBXFileReference; lastKnownFileType = sourcecode.swift; path = ImageContainer.swift; sourceTree = "<group>"; };
		DBE5BD812745394000724336 /* KeyStore.swift */ = {isa = PBXFileReference; lastKnownFileType = sourcecode.swift; path = KeyStore.swift; sourceTree = "<group>"; };
		DBE5BD832745395E00724336 /* MemoryCache.swift */ = {isa = PBXFileReference; lastKnownFileType = sourcecode.swift; path = MemoryCache.swift; sourceTree = "<group>"; };
		DBE5BD8527453A4500724336 /* CacheKeyTestCase.swift */ = {isa = PBXFileReference; lastKnownFileType = sourcecode.swift; path = CacheKeyTestCase.swift; sourceTree = "<group>"; };
		DBE5BD8727453C3800724336 /* DiskCacheFileManagerTestCase.swift */ = {isa = PBXFileReference; lastKnownFileType = sourcecode.swift; path = DiskCacheFileManagerTestCase.swift; sourceTree = "<group>"; };
		DBE5BD8927453CFA00724336 /* DiskCacheTestCase.swift */ = {isa = PBXFileReference; lastKnownFileType = sourcecode.swift; path = DiskCacheTestCase.swift; sourceTree = "<group>"; };
		DBE5BD8E27453DBD00724336 /* ImageCacheTestCase.swift */ = {isa = PBXFileReference; lastKnownFileType = sourcecode.swift; path = ImageCacheTestCase.swift; sourceTree = "<group>"; };
		DBE5BD9027453DE300724336 /* ImageCache.swift */ = {isa = PBXFileReference; lastKnownFileType = sourcecode.swift; path = ImageCache.swift; sourceTree = "<group>"; };
		DBE5BD9227453E1A00724336 /* ImageDownloader.swift */ = {isa = PBXFileReference; lastKnownFileType = sourcecode.swift; path = ImageDownloader.swift; sourceTree = "<group>"; };
		DBE5BD9727453E7000724336 /* MemoryCacheTestCase.swift */ = {isa = PBXFileReference; lastKnownFileType = sourcecode.swift; path = MemoryCacheTestCase.swift; sourceTree = "<group>"; };
		DBE5BD9A27453EB200724336 /* ImageDownloaderTestCase.swift */ = {isa = PBXFileReference; lastKnownFileType = sourcecode.swift; path = ImageDownloaderTestCase.swift; sourceTree = "<group>"; };
		DBE5BD9D27453F0B00724336 /* DiskCacheSpy.swift */ = {isa = PBXFileReference; lastKnownFileType = sourcecode.swift; path = DiskCacheSpy.swift; sourceTree = "<group>"; };
		DBE5BD9F27453F2400724336 /* DiskCacheCleanerSpy.swift */ = {isa = PBXFileReference; lastKnownFileType = sourcecode.swift; path = DiskCacheCleanerSpy.swift; sourceTree = "<group>"; };
		DBE5BDA127453F4100724336 /* MemoryCacheSpy.swift */ = {isa = PBXFileReference; lastKnownFileType = sourcecode.swift; path = MemoryCacheSpy.swift; sourceTree = "<group>"; };
		DBE5BDA327453F6700724336 /* ImageCachingSpy.swift */ = {isa = PBXFileReference; lastKnownFileType = sourcecode.swift; path = ImageCachingSpy.swift; sourceTree = "<group>"; };
		DBE5BDA527453F8900724336 /* ImageDownloadCancelable.swift */ = {isa = PBXFileReference; lastKnownFileType = sourcecode.swift; path = ImageDownloadCancelable.swift; sourceTree = "<group>"; };
/* End PBXFileReference section */

/* Begin PBXFrameworksBuildPhase section */
		DBE5BD5027452FD700724336 /* Frameworks */ = {
			isa = PBXFrameworksBuildPhase;
			buildActionMask = 2147483647;
			files = (
				DBCA934F2745406000F5A439 /* Alamofire in Frameworks */,
			);
			runOnlyForDeploymentPostprocessing = 0;
		};
		DBE5BD5927452FD700724336 /* Frameworks */ = {
			isa = PBXFrameworksBuildPhase;
			buildActionMask = 2147483647;
			files = (
				DBE5BD5D27452FD700724336 /* ImageDownloader.framework in Frameworks */,
			);
			runOnlyForDeploymentPostprocessing = 0;
		};
/* End PBXFrameworksBuildPhase section */

/* Begin PBXGroup section */
		DBE5BD4927452FD700724336 = {
			isa = PBXGroup;
			children = (
				DBE5BD5527452FD700724336 /* ImageDownloader */,
				DBE5BD6027452FD700724336 /* ImageDownloaderTests */,
				DBE5BD5427452FD700724336 /* Products */,
			);
			sourceTree = "<group>";
		};
		DBE5BD5427452FD700724336 /* Products */ = {
			isa = PBXGroup;
			children = (
				DBE5BD5327452FD700724336 /* ImageDownloader.framework */,
				DBE5BD5C27452FD700724336 /* ImageDownloaderTests.xctest */,
			);
			name = Products;
			sourceTree = "<group>";
		};
		DBE5BD5527452FD700724336 /* ImageDownloader */ = {
			isa = PBXGroup;
			children = (
				DBE5BD72274530F200724336 /* ImageCache */,
				DBE5BDA527453F8900724336 /* ImageDownloadCancelable.swift */,
				DBE5BD9227453E1A00724336 /* ImageDownloader.swift */,
				DBE5BD5627452FD700724336 /* ImageDownloader.h */,
				DBE5BD5727452FD700724336 /* Info.plist */,
			);
			path = ImageDownloader;
			sourceTree = "<group>";
		};
		DBE5BD6027452FD700724336 /* ImageDownloaderTests */ = {
			isa = PBXGroup;
			children = (
				DBE5BD8B27453D0400724336 /* ImageCascheTests */,
				DBE5BD9C27453ED500724336 /* Spies */,
				DBE5BD8527453A4500724336 /* CacheKeyTestCase.swift */,
				DBE5BD9A27453EB200724336 /* ImageDownloaderTestCase.swift */,
				DBE5BD6327452FD700724336 /* Info.plist */,
			);
			path = ImageDownloaderTests;
			sourceTree = "<group>";
		};
		DBE5BD72274530F200724336 /* ImageCache */ = {
			isa = PBXGroup;
			children = (
				DBE5BD742745313100724336 /* MemoryCache */,
				DBE5BD732745310F00724336 /* DiskCache */,
				DBE5BD7D274531C700724336 /* CacheKey.swift */,
				DBE5BD7F274537DE00724336 /* ImageContainer.swift */,
				DBE5BD9027453DE300724336 /* ImageCache.swift */,
			);
			path = ImageCache;
			sourceTree = "<group>";
		};
		DBE5BD732745310F00724336 /* DiskCache */ = {
			isa = PBXGroup;
			children = (
				DBE5BD752745314C00724336 /* DiskCache.swift */,
				DBE5BD772745317600724336 /* DiskCacheCleaner.swift */,
				DBE5BD792745319300724336 /* DiskCacheFileManager.swift */,
				DBE5BD7B274531AD00724336 /* DiskItemIndex.swift */,
			);
			path = DiskCache;
			sourceTree = "<group>";
		};
		DBE5BD742745313100724336 /* MemoryCache */ = {
			isa = PBXGroup;
			children = (
				DBE5BD812745394000724336 /* KeyStore.swift */,
				DBE5BD832745395E00724336 /* MemoryCache.swift */,
			);
			path = MemoryCache;
			sourceTree = "<group>";
		};
		DBE5BD8B27453D0400724336 /* ImageCascheTests */ = {
			isa = PBXGroup;
			children = (
				DBE5BD9927453E8000724336 /* MemoryCacheTests */,
				DBE5BD8C27453D7900724336 /* DiskCacheTests */,
				DBE5BD8E27453DBD00724336 /* ImageCacheTestCase.swift */,
			);
			path = ImageCascheTests;
			sourceTree = "<group>";
		};
		DBE5BD8C27453D7900724336 /* DiskCacheTests */ = {
			isa = PBXGroup;
			children = (
				DBE5BD8727453C3800724336 /* DiskCacheFileManagerTestCase.swift */,
				DBE5BD8927453CFA00724336 /* DiskCacheTestCase.swift */,
			);
			path = DiskCacheTests;
			sourceTree = "<group>";
		};
		DBE5BD9927453E8000724336 /* MemoryCacheTests */ = {
			isa = PBXGroup;
			children = (
				DBE5BD9727453E7000724336 /* MemoryCacheTestCase.swift */,
			);
			path = MemoryCacheTests;
			sourceTree = "<group>";
		};
		DBE5BD9C27453ED500724336 /* Spies */ = {
			isa = PBXGroup;
			children = (
				DBE5BDA127453F4100724336 /* MemoryCacheSpy.swift */,
				DBE5BD9D27453F0B00724336 /* DiskCacheSpy.swift */,
				DBE5BD9F27453F2400724336 /* DiskCacheCleanerSpy.swift */,
				DBE5BDA327453F6700724336 /* ImageCachingSpy.swift */,
			);
			path = Spies;
			sourceTree = "<group>";
		};
/* End PBXGroup section */

/* Begin PBXHeadersBuildPhase section */
		DBE5BD4E27452FD700724336 /* Headers */ = {
			isa = PBXHeadersBuildPhase;
			buildActionMask = 2147483647;
			files = (
				DBE5BD6427452FD700724336 /* ImageDownloader.h in Headers */,
			);
			runOnlyForDeploymentPostprocessing = 0;
		};
/* End PBXHeadersBuildPhase section */

/* Begin PBXNativeTarget section */
		DBE5BD5227452FD700724336 /* ImageDownloader */ = {
			isa = PBXNativeTarget;
			buildConfigurationList = DBE5BD6727452FD700724336 /* Build configuration list for PBXNativeTarget "ImageDownloader" */;
			buildPhases = (
				DBE5BD4E27452FD700724336 /* Headers */,
				DBE5BD4F27452FD700724336 /* Sources */,
				DBE5BD5027452FD700724336 /* Frameworks */,
				DBE5BD5127452FD700724336 /* Resources */,
			);
			buildRules = (
			);
			dependencies = (
			);
			name = ImageDownloader;
			packageProductDependencies = (
				DBCA934E2745406000F5A439 /* Alamofire */,
			);
			productName = ImageDownloader;
			productReference = DBE5BD5327452FD700724336 /* ImageDownloader.framework */;
			productType = "com.apple.product-type.framework";
		};
		DBE5BD5B27452FD700724336 /* ImageDownloaderTests */ = {
			isa = PBXNativeTarget;
			buildConfigurationList = DBE5BD6A27452FD700724336 /* Build configuration list for PBXNativeTarget "ImageDownloaderTests" */;
			buildPhases = (
				DBE5BD5827452FD700724336 /* Sources */,
				DBE5BD5927452FD700724336 /* Frameworks */,
				DBE5BD5A27452FD700724336 /* Resources */,
			);
			buildRules = (
			);
			dependencies = (
				DBE5BD5F27452FD700724336 /* PBXTargetDependency */,
			);
			name = ImageDownloaderTests;
			productName = ImageDownloaderTests;
			productReference = DBE5BD5C27452FD700724336 /* ImageDownloaderTests.xctest */;
			productType = "com.apple.product-type.bundle.unit-test";
		};
/* End PBXNativeTarget section */

/* Begin PBXProject section */
		DBE5BD4A27452FD700724336 /* Project object */ = {
			isa = PBXProject;
			attributes = {
				LastSwiftUpdateCheck = 1250;
				LastUpgradeCheck = 1250;
				TargetAttributes = {
					DBE5BD5227452FD700724336 = {
						CreatedOnToolsVersion = 12.5.1;
						LastSwiftMigration = 1250;
					};
					DBE5BD5B27452FD700724336 = {
						CreatedOnToolsVersion = 12.5.1;
					};
				};
			};
			buildConfigurationList = DBE5BD4D27452FD700724336 /* Build configuration list for PBXProject "ImageDownloader" */;
			compatibilityVersion = "Xcode 9.3";
			developmentRegion = en;
			hasScannedForEncodings = 0;
			knownRegions = (
				en,
				Base,
			);
			mainGroup = DBE5BD4927452FD700724336;
			packageReferences = (
				DBCA934D2745406000F5A439 /* XCRemoteSwiftPackageReference "Alamofire" */,
			);
			productRefGroup = DBE5BD5427452FD700724336 /* Products */;
			projectDirPath = "";
			projectRoot = "";
			targets = (
				DBE5BD5227452FD700724336 /* ImageDownloader */,
				DBE5BD5B27452FD700724336 /* ImageDownloaderTests */,
			);
		};
/* End PBXProject section */

/* Begin PBXResourcesBuildPhase section */
		DBE5BD5127452FD700724336 /* Resources */ = {
			isa = PBXResourcesBuildPhase;
			buildActionMask = 2147483647;
			files = (
			);
			runOnlyForDeploymentPostprocessing = 0;
		};
		DBE5BD5A27452FD700724336 /* Resources */ = {
			isa = PBXResourcesBuildPhase;
			buildActionMask = 2147483647;
			files = (
			);
			runOnlyForDeploymentPostprocessing = 0;
		};
/* End PBXResourcesBuildPhase section */

/* Begin PBXSourcesBuildPhase section */
		DBE5BD4F27452FD700724336 /* Sources */ = {
			isa = PBXSourcesBuildPhase;
			buildActionMask = 2147483647;
			files = (
				DBE5BD7E274531C700724336 /* CacheKey.swift in Sources */,
				DBE5BD842745395E00724336 /* MemoryCache.swift in Sources */,
				DBE5BD7C274531AD00724336 /* DiskItemIndex.swift in Sources */,
				DBE5BD9127453DE300724336 /* ImageCache.swift in Sources */,
				DBE5BD782745317600724336 /* DiskCacheCleaner.swift in Sources */,
				DBE5BD7A2745319300724336 /* DiskCacheFileManager.swift in Sources */,
				DBE5BD9327453E1A00724336 /* ImageDownloader.swift in Sources */,
				DBE5BD762745314D00724336 /* DiskCache.swift in Sources */,
				DBE5BD822745394000724336 /* KeyStore.swift in Sources */,
				DBE5BDA627453F8900724336 /* ImageDownloadCancelable.swift in Sources */,
				DBE5BD80274537DE00724336 /* ImageContainer.swift in Sources */,
			);
			runOnlyForDeploymentPostprocessing = 0;
		};
		DBE5BD5827452FD700724336 /* Sources */ = {
			isa = PBXSourcesBuildPhase;
			buildActionMask = 2147483647;
			files = (
				DBE5BD8A27453CFA00724336 /* DiskCacheTestCase.swift in Sources */,
				DBE5BDA227453F4100724336 /* MemoryCacheSpy.swift in Sources */,
				DBE5BDA427453F6700724336 /* ImageCachingSpy.swift in Sources */,
				DBE5BDA027453F2400724336 /* DiskCacheCleanerSpy.swift in Sources */,
				DBE5BD8627453A4500724336 /* CacheKeyTestCase.swift in Sources */,
				DBE5BD9B27453EB200724336 /* ImageDownloaderTestCase.swift in Sources */,
				DBE5BD9E27453F0B00724336 /* DiskCacheSpy.swift in Sources */,
				DBE5BD8F27453DBD00724336 /* ImageCacheTestCase.swift in Sources */,
				DBE5BD9827453E7000724336 /* MemoryCacheTestCase.swift in Sources */,
				DBE5BD8827453C3800724336 /* DiskCacheFileManagerTestCase.swift in Sources */,
			);
			runOnlyForDeploymentPostprocessing = 0;
		};
/* End PBXSourcesBuildPhase section */

/* Begin PBXTargetDependency section */
		DBE5BD5F27452FD700724336 /* PBXTargetDependency */ = {
			isa = PBXTargetDependency;
			target = DBE5BD5227452FD700724336 /* ImageDownloader */;
			targetProxy = DBE5BD5E27452FD700724336 /* PBXContainerItemProxy */;
		};
/* End PBXTargetDependency section */

/* Begin XCBuildConfiguration section */
		DBE5BD6527452FD700724336 /* Debug */ = {
			isa = XCBuildConfiguration;
			buildSettings = {
				ALWAYS_SEARCH_USER_PATHS = NO;
				CLANG_ANALYZER_NONNULL = YES;
				CLANG_ANALYZER_NUMBER_OBJECT_CONVERSION = YES_AGGRESSIVE;
				CLANG_CXX_LANGUAGE_STANDARD = "gnu++14";
				CLANG_CXX_LIBRARY = "libc++";
				CLANG_ENABLE_MODULES = YES;
				CLANG_ENABLE_OBJC_ARC = YES;
				CLANG_ENABLE_OBJC_WEAK = YES;
				CLANG_WARN_BLOCK_CAPTURE_AUTORELEASING = YES;
				CLANG_WARN_BOOL_CONVERSION = YES;
				CLANG_WARN_COMMA = YES;
				CLANG_WARN_CONSTANT_CONVERSION = YES;
				CLANG_WARN_DEPRECATED_OBJC_IMPLEMENTATIONS = YES;
				CLANG_WARN_DIRECT_OBJC_ISA_USAGE = YES_ERROR;
				CLANG_WARN_DOCUMENTATION_COMMENTS = YES;
				CLANG_WARN_EMPTY_BODY = YES;
				CLANG_WARN_ENUM_CONVERSION = YES;
				CLANG_WARN_INFINITE_RECURSION = YES;
				CLANG_WARN_INT_CONVERSION = YES;
				CLANG_WARN_NON_LITERAL_NULL_CONVERSION = YES;
				CLANG_WARN_OBJC_IMPLICIT_RETAIN_SELF = YES;
				CLANG_WARN_OBJC_LITERAL_CONVERSION = YES;
				CLANG_WARN_OBJC_ROOT_CLASS = YES_ERROR;
				CLANG_WARN_QUOTED_INCLUDE_IN_FRAMEWORK_HEADER = YES;
				CLANG_WARN_RANGE_LOOP_ANALYSIS = YES;
				CLANG_WARN_STRICT_PROTOTYPES = YES;
				CLANG_WARN_SUSPICIOUS_MOVE = YES;
				CLANG_WARN_UNGUARDED_AVAILABILITY = YES_AGGRESSIVE;
				CLANG_WARN_UNREACHABLE_CODE = YES;
				CLANG_WARN__DUPLICATE_METHOD_MATCH = YES;
				COPY_PHASE_STRIP = NO;
				CURRENT_PROJECT_VERSION = 1;
				DEBUG_INFORMATION_FORMAT = dwarf;
				ENABLE_STRICT_OBJC_MSGSEND = YES;
				ENABLE_TESTABILITY = YES;
				GCC_C_LANGUAGE_STANDARD = gnu11;
				GCC_DYNAMIC_NO_PIC = NO;
				GCC_NO_COMMON_BLOCKS = YES;
				GCC_OPTIMIZATION_LEVEL = 0;
				GCC_PREPROCESSOR_DEFINITIONS = (
					"DEBUG=1",
					"$(inherited)",
				);
				GCC_WARN_64_TO_32_BIT_CONVERSION = YES;
				GCC_WARN_ABOUT_RETURN_TYPE = YES_ERROR;
				GCC_WARN_UNDECLARED_SELECTOR = YES;
				GCC_WARN_UNINITIALIZED_AUTOS = YES_AGGRESSIVE;
				GCC_WARN_UNUSED_FUNCTION = YES;
				GCC_WARN_UNUSED_VARIABLE = YES;
				IPHONEOS_DEPLOYMENT_TARGET = 14.5;
				MTL_ENABLE_DEBUG_INFO = INCLUDE_SOURCE;
				MTL_FAST_MATH = YES;
				ONLY_ACTIVE_ARCH = YES;
				SDKROOT = iphoneos;
				SWIFT_ACTIVE_COMPILATION_CONDITIONS = DEBUG;
				SWIFT_OPTIMIZATION_LEVEL = "-Onone";
				VERSIONING_SYSTEM = "apple-generic";
				VERSION_INFO_PREFIX = "";
			};
			name = Debug;
		};
		DBE5BD6627452FD700724336 /* Release */ = {
			isa = XCBuildConfiguration;
			buildSettings = {
				ALWAYS_SEARCH_USER_PATHS = NO;
				CLANG_ANALYZER_NONNULL = YES;
				CLANG_ANALYZER_NUMBER_OBJECT_CONVERSION = YES_AGGRESSIVE;
				CLANG_CXX_LANGUAGE_STANDARD = "gnu++14";
				CLANG_CXX_LIBRARY = "libc++";
				CLANG_ENABLE_MODULES = YES;
				CLANG_ENABLE_OBJC_ARC = YES;
				CLANG_ENABLE_OBJC_WEAK = YES;
				CLANG_WARN_BLOCK_CAPTURE_AUTORELEASING = YES;
				CLANG_WARN_BOOL_CONVERSION = YES;
				CLANG_WARN_COMMA = YES;
				CLANG_WARN_CONSTANT_CONVERSION = YES;
				CLANG_WARN_DEPRECATED_OBJC_IMPLEMENTATIONS = YES;
				CLANG_WARN_DIRECT_OBJC_ISA_USAGE = YES_ERROR;
				CLANG_WARN_DOCUMENTATION_COMMENTS = YES;
				CLANG_WARN_EMPTY_BODY = YES;
				CLANG_WARN_ENUM_CONVERSION = YES;
				CLANG_WARN_INFINITE_RECURSION = YES;
				CLANG_WARN_INT_CONVERSION = YES;
				CLANG_WARN_NON_LITERAL_NULL_CONVERSION = YES;
				CLANG_WARN_OBJC_IMPLICIT_RETAIN_SELF = YES;
				CLANG_WARN_OBJC_LITERAL_CONVERSION = YES;
				CLANG_WARN_OBJC_ROOT_CLASS = YES_ERROR;
				CLANG_WARN_QUOTED_INCLUDE_IN_FRAMEWORK_HEADER = YES;
				CLANG_WARN_RANGE_LOOP_ANALYSIS = YES;
				CLANG_WARN_STRICT_PROTOTYPES = YES;
				CLANG_WARN_SUSPICIOUS_MOVE = YES;
				CLANG_WARN_UNGUARDED_AVAILABILITY = YES_AGGRESSIVE;
				CLANG_WARN_UNREACHABLE_CODE = YES;
				CLANG_WARN__DUPLICATE_METHOD_MATCH = YES;
				COPY_PHASE_STRIP = NO;
				CURRENT_PROJECT_VERSION = 1;
				DEBUG_INFORMATION_FORMAT = "dwarf-with-dsym";
				ENABLE_NS_ASSERTIONS = NO;
				ENABLE_STRICT_OBJC_MSGSEND = YES;
				GCC_C_LANGUAGE_STANDARD = gnu11;
				GCC_NO_COMMON_BLOCKS = YES;
				GCC_WARN_64_TO_32_BIT_CONVERSION = YES;
				GCC_WARN_ABOUT_RETURN_TYPE = YES_ERROR;
				GCC_WARN_UNDECLARED_SELECTOR = YES;
				GCC_WARN_UNINITIALIZED_AUTOS = YES_AGGRESSIVE;
				GCC_WARN_UNUSED_FUNCTION = YES;
				GCC_WARN_UNUSED_VARIABLE = YES;
				IPHONEOS_DEPLOYMENT_TARGET = 14.5;
				MTL_ENABLE_DEBUG_INFO = NO;
				MTL_FAST_MATH = YES;
				SDKROOT = iphoneos;
				SWIFT_COMPILATION_MODE = wholemodule;
				SWIFT_OPTIMIZATION_LEVEL = "-O";
				VALIDATE_PRODUCT = YES;
				VERSIONING_SYSTEM = "apple-generic";
				VERSION_INFO_PREFIX = "";
			};
			name = Release;
		};
		DBE5BD6827452FD700724336 /* Debug */ = {
			isa = XCBuildConfiguration;
			buildSettings = {
				CLANG_ENABLE_MODULES = YES;
				CODE_SIGN_STYLE = Automatic;
				DEFINES_MODULE = YES;
				DEVELOPMENT_TEAM = M77W68G9P5;
				DYLIB_COMPATIBILITY_VERSION = 1;
				DYLIB_CURRENT_VERSION = 1;
				DYLIB_INSTALL_NAME_BASE = "@rpath";
				INFOPLIST_FILE = ImageDownloader/Info.plist;
				INSTALL_PATH = "$(LOCAL_LIBRARY_DIR)/Frameworks";
				LD_RUNPATH_SEARCH_PATHS = (
					"$(inherited)",
					"@executable_path/Frameworks",
					"@loader_path/Frameworks",
				);
				MARKETING_VERSION = 1.0.0;
				PRODUCT_BUNDLE_IDENTIFIER = com.elonpark.ImageDownloader;
				PRODUCT_NAME = "$(TARGET_NAME:c99extidentifier)";
				SKIP_INSTALL = YES;
				SWIFT_OPTIMIZATION_LEVEL = "-Onone";
				SWIFT_VERSION = 5.0;
				TARGETED_DEVICE_FAMILY = "1,2";
			};
			name = Debug;
		};
		DBE5BD6927452FD700724336 /* Release */ = {
			isa = XCBuildConfiguration;
			buildSettings = {
				CLANG_ENABLE_MODULES = YES;
				CODE_SIGN_STYLE = Automatic;
				DEFINES_MODULE = YES;
				DEVELOPMENT_TEAM = M77W68G9P5;
				DYLIB_COMPATIBILITY_VERSION = 1;
				DYLIB_CURRENT_VERSION = 1;
				DYLIB_INSTALL_NAME_BASE = "@rpath";
				INFOPLIST_FILE = ImageDownloader/Info.plist;
				INSTALL_PATH = "$(LOCAL_LIBRARY_DIR)/Frameworks";
				LD_RUNPATH_SEARCH_PATHS = (
					"$(inherited)",
					"@executable_path/Frameworks",
					"@loader_path/Frameworks",
				);
				MARKETING_VERSION = 1.0.0;
				PRODUCT_BUNDLE_IDENTIFIER = com.elonpark.ImageDownloader;
				PRODUCT_NAME = "$(TARGET_NAME:c99extidentifier)";
				SKIP_INSTALL = YES;
				SWIFT_VERSION = 5.0;
				TARGETED_DEVICE_FAMILY = "1,2";
			};
			name = Release;
		};
		DBE5BD6B27452FD700724336 /* Debug */ = {
			isa = XCBuildConfiguration;
			buildSettings = {
				ALWAYS_EMBED_SWIFT_STANDARD_LIBRARIES = YES;
				CODE_SIGN_STYLE = Automatic;
				DEVELOPMENT_TEAM = M77W68G9P5;
				INFOPLIST_FILE = ImageDownloaderTests/Info.plist;
				LD_RUNPATH_SEARCH_PATHS = (
					"$(inherited)",
					"@executable_path/Frameworks",
					"@loader_path/Frameworks",
				);
				PRODUCT_BUNDLE_IDENTIFIER = com.elonpark.ImageDownloaderTests;
				PRODUCT_NAME = "$(TARGET_NAME)";
				SWIFT_VERSION = 5.0;
				TARGETED_DEVICE_FAMILY = "1,2";
			};
			name = Debug;
		};
		DBE5BD6C27452FD700724336 /* Release */ = {
			isa = XCBuildConfiguration;
			buildSettings = {
				ALWAYS_EMBED_SWIFT_STANDARD_LIBRARIES = YES;
				CODE_SIGN_STYLE = Automatic;
				DEVELOPMENT_TEAM = M77W68G9P5;
				INFOPLIST_FILE = ImageDownloaderTests/Info.plist;
				LD_RUNPATH_SEARCH_PATHS = (
					"$(inherited)",
					"@executable_path/Frameworks",
					"@loader_path/Frameworks",
				);
				PRODUCT_BUNDLE_IDENTIFIER = com.elonpark.ImageDownloaderTests;
				PRODUCT_NAME = "$(TARGET_NAME)";
				SWIFT_VERSION = 5.0;
				TARGETED_DEVICE_FAMILY = "1,2";
			};
			name = Release;
		};
/* End XCBuildConfiguration section */

/* Begin XCConfigurationList section */
		DBE5BD4D27452FD700724336 /* Build configuration list for PBXProject "ImageDownloader" */ = {
			isa = XCConfigurationList;
			buildConfigurations = (
				DBE5BD6527452FD700724336 /* Debug */,
				DBE5BD6627452FD700724336 /* Release */,
			);
			defaultConfigurationIsVisible = 0;
			defaultConfigurationName = Release;
		};
		DBE5BD6727452FD700724336 /* Build configuration list for PBXNativeTarget "ImageDownloader" */ = {
			isa = XCConfigurationList;
			buildConfigurations = (
				DBE5BD6827452FD700724336 /* Debug */,
				DBE5BD6927452FD700724336 /* Release */,
			);
			defaultConfigurationIsVisible = 0;
			defaultConfigurationName = Release;
		};
		DBE5BD6A27452FD700724336 /* Build configuration list for PBXNativeTarget "ImageDownloaderTests" */ = {
			isa = XCConfigurationList;
			buildConfigurations = (
				DBE5BD6B27452FD700724336 /* Debug */,
				DBE5BD6C27452FD700724336 /* Release */,
			);
			defaultConfigurationIsVisible = 0;
			defaultConfigurationName = Release;
		};
/* End XCConfigurationList section */

/* Begin XCRemoteSwiftPackageReference section */
		DBCA934D2745406000F5A439 /* XCRemoteSwiftPackageReference "Alamofire" */ = {
			isa = XCRemoteSwiftPackageReference;
			repositoryURL = "https://github.com/Alamofire/Alamofire.git";
			requirement = {
				kind = upToNextMajorVersion;
				minimumVersion = 5.4.4;
			};
		};
/* End XCRemoteSwiftPackageReference section */

/* Begin XCSwiftPackageProductDependency section */
		DBCA934E2745406000F5A439 /* Alamofire */ = {
			isa = XCSwiftPackageProductDependency;
			package = DBCA934D2745406000F5A439 /* XCRemoteSwiftPackageReference "Alamofire" */;
			productName = Alamofire;
		};
/* End XCSwiftPackageProductDependency section */
	};
	rootObject = DBE5BD4A27452FD700724336 /* Project object */;
}
