// !$*UTF8*$!
{
	archiveVersion = 1;
	classes = {
	};
	objectVersion = 50;
	objects = {

/* Begin PBXBuildFile section */
		DB0035BA27438CE8005CBC4C /* LaunchScreen.storyboard in Resources */ = {isa = PBXBuildFile; fileRef = DB0035B927438CE8005CBC4C /* LaunchScreen.storyboard */; };
		DB130B4F2742C6F000AEB83B /* BookStoreTests.swift in Sources */ = {isa = PBXBuildFile; fileRef = DB130B4E2742C6F000AEB83B /* BookStoreTests.swift */; };
		DB130B5A2742C6F000AEB83B /* BookStoreUITests.swift in Sources */ = {isa = PBXBuildFile; fileRef = DB130B592742C6F000AEB83B /* BookStoreUITests.swift */; };
		DB94F17327438AFF00454311 /* Assets.xcassets in Resources */ = {isa = PBXBuildFile; fileRef = DB94F15A27438AFF00454311 /* Assets.xcassets */; };
		DB94F17627438AFF00454311 /* SearchViewController.swift in Sources */ = {isa = PBXBuildFile; fileRef = DB94F16A27438AFF00454311 /* SearchViewController.swift */; };
		DB94F17727438AFF00454311 /* AppDelegate.swift in Sources */ = {isa = PBXBuildFile; fileRef = DB94F16F27438AFF00454311 /* AppDelegate.swift */; };
		DB94F17827438AFF00454311 /* SceneDelegate.swift in Sources */ = {isa = PBXBuildFile; fileRef = DB94F17027438AFF00454311 /* SceneDelegate.swift */; };
/* End PBXBuildFile section */

/* Begin PBXContainerItemProxy section */
		DB130B4B2742C6F000AEB83B /* PBXContainerItemProxy */ = {
			isa = PBXContainerItemProxy;
			containerPortal = DB130B2C2742C6EF00AEB83B /* Project object */;
			proxyType = 1;
			remoteGlobalIDString = DB130B332742C6EF00AEB83B;
			remoteInfo = BookStore;
		};
		DB130B562742C6F000AEB83B /* PBXContainerItemProxy */ = {
			isa = PBXContainerItemProxy;
			containerPortal = DB130B2C2742C6EF00AEB83B /* Project object */;
			proxyType = 1;
			remoteGlobalIDString = DB130B332742C6EF00AEB83B;
			remoteInfo = BookStore;
		};
/* End PBXContainerItemProxy section */

/* Begin PBXFileReference section */
		DB0035B927438CE8005CBC4C /* LaunchScreen.storyboard */ = {isa = PBXFileReference; fileEncoding = 4; lastKnownFileType = file.storyboard; path = LaunchScreen.storyboard; sourceTree = "<group>"; };
		DB130B342742C6EF00AEB83B /* BookStore.app */ = {isa = PBXFileReference; explicitFileType = wrapper.application; includeInIndex = 0; path = BookStore.app; sourceTree = BUILT_PRODUCTS_DIR; };
		DB130B4A2742C6F000AEB83B /* BookStoreTests.xctest */ = {isa = PBXFileReference; explicitFileType = wrapper.cfbundle; includeInIndex = 0; path = BookStoreTests.xctest; sourceTree = BUILT_PRODUCTS_DIR; };
		DB130B4E2742C6F000AEB83B /* BookStoreTests.swift */ = {isa = PBXFileReference; lastKnownFileType = sourcecode.swift; path = BookStoreTests.swift; sourceTree = "<group>"; };
		DB130B502742C6F000AEB83B /* Info.plist */ = {isa = PBXFileReference; lastKnownFileType = text.plist.xml; path = Info.plist; sourceTree = "<group>"; };
		DB130B552742C6F000AEB83B /* BookStoreUITests.xctest */ = {isa = PBXFileReference; explicitFileType = wrapper.cfbundle; includeInIndex = 0; path = BookStoreUITests.xctest; sourceTree = BUILT_PRODUCTS_DIR; };
		DB130B592742C6F000AEB83B /* BookStoreUITests.swift */ = {isa = PBXFileReference; lastKnownFileType = sourcecode.swift; path = BookStoreUITests.swift; sourceTree = "<group>"; };
		DB130B5B2742C6F000AEB83B /* Info.plist */ = {isa = PBXFileReference; lastKnownFileType = text.plist.xml; path = Info.plist; sourceTree = "<group>"; };
		DB94F15A27438AFF00454311 /* Assets.xcassets */ = {isa = PBXFileReference; lastKnownFileType = folder.assetcatalog; path = Assets.xcassets; sourceTree = "<group>"; };
		DB94F15D27438AFF00454311 /* Info.plist */ = {isa = PBXFileReference; fileEncoding = 4; lastKnownFileType = text.plist.xml; path = Info.plist; sourceTree = "<group>"; };
		DB94F16A27438AFF00454311 /* SearchViewController.swift */ = {isa = PBXFileReference; fileEncoding = 4; lastKnownFileType = sourcecode.swift; path = SearchViewController.swift; sourceTree = "<group>"; };
		DB94F16F27438AFF00454311 /* AppDelegate.swift */ = {isa = PBXFileReference; fileEncoding = 4; lastKnownFileType = sourcecode.swift; path = AppDelegate.swift; sourceTree = "<group>"; };
		DB94F17027438AFF00454311 /* SceneDelegate.swift */ = {isa = PBXFileReference; fileEncoding = 4; lastKnownFileType = sourcecode.swift; path = SceneDelegate.swift; sourceTree = "<group>"; };
/* End PBXFileReference section */

/* Begin PBXFrameworksBuildPhase section */
		DB130B312742C6EF00AEB83B /* Frameworks */ = {
			isa = PBXFrameworksBuildPhase;
			buildActionMask = 2147483647;
			files = (
			);
			runOnlyForDeploymentPostprocessing = 0;
		};
		DB130B472742C6F000AEB83B /* Frameworks */ = {
			isa = PBXFrameworksBuildPhase;
			buildActionMask = 2147483647;
			files = (
			);
			runOnlyForDeploymentPostprocessing = 0;
		};
		DB130B522742C6F000AEB83B /* Frameworks */ = {
			isa = PBXFrameworksBuildPhase;
			buildActionMask = 2147483647;
			files = (
			);
			runOnlyForDeploymentPostprocessing = 0;
		};
/* End PBXFrameworksBuildPhase section */

/* Begin PBXGroup section */
		DB130B2B2742C6EF00AEB83B = {
			isa = PBXGroup;
			children = (
				DB130B362742C6EF00AEB83B /* BookStore */,
				DB130B4D2742C6F000AEB83B /* BookStoreTests */,
				DB130B582742C6F000AEB83B /* BookStoreUITests */,
				DB130B352742C6EF00AEB83B /* Products */,
			);
			sourceTree = "<group>";
		};
		DB130B352742C6EF00AEB83B /* Products */ = {
			isa = PBXGroup;
			children = (
				DB130B342742C6EF00AEB83B /* BookStore.app */,
				DB130B4A2742C6F000AEB83B /* BookStoreTests.xctest */,
				DB130B552742C6F000AEB83B /* BookStoreUITests.xctest */,
			);
			name = Products;
			sourceTree = "<group>";
		};
		DB130B362742C6EF00AEB83B /* BookStore */ = {
			isa = PBXGroup;
			children = (
				DB94F15927438AFF00454311 /* Resources */,
				DB94F15E27438AFF00454311 /* Source */,
			);
			path = BookStore;
			sourceTree = "<group>";
		};
		DB130B4D2742C6F000AEB83B /* BookStoreTests */ = {
			isa = PBXGroup;
			children = (
				DB130B4E2742C6F000AEB83B /* BookStoreTests.swift */,
				DB130B502742C6F000AEB83B /* Info.plist */,
			);
			path = BookStoreTests;
			sourceTree = "<group>";
		};
		DB130B582742C6F000AEB83B /* BookStoreUITests */ = {
			isa = PBXGroup;
			children = (
				DB130B592742C6F000AEB83B /* BookStoreUITests.swift */,
				DB130B5B2742C6F000AEB83B /* Info.plist */,
			);
			path = BookStoreUITests;
			sourceTree = "<group>";
		};
		DB94F15927438AFF00454311 /* Resources */ = {
			isa = PBXGroup;
			children = (
				DB94F15A27438AFF00454311 /* Assets.xcassets */,
				DB0035B927438CE8005CBC4C /* LaunchScreen.storyboard */,
				DB94F15D27438AFF00454311 /* Info.plist */,
			);
			path = Resources;
			sourceTree = "<group>";
		};
		DB94F15E27438AFF00454311 /* Source */ = {
			isa = PBXGroup;
			children = (
				DB94F15F27438AFF00454311 /* Data */,
				DB94F16427438AFF00454311 /* Domain */,
				DB94F16727438AFF00454311 /* Presentation */,
			);
			path = Source;
			sourceTree = "<group>";
		};
		DB94F15F27438AFF00454311 /* Data */ = {
			isa = PBXGroup;
			children = (
				DB94F16027438AFF00454311 /* DataSources */,
				DB94F16227438AFF00454311 /* Repositories */,
				DB94F16327438AFF00454311 /* Entities */,
			);
			path = Data;
			sourceTree = "<group>";
		};
		DB94F16027438AFF00454311 /* DataSources */ = {
			isa = PBXGroup;
			children = (
				DB94F16127438AFF00454311 /* Networks */,
			);
			path = DataSources;
			sourceTree = "<group>";
		};
		DB94F16127438AFF00454311 /* Networks */ = {
			isa = PBXGroup;
			children = (
			);
			path = Networks;
			sourceTree = "<group>";
		};
		DB94F16227438AFF00454311 /* Repositories */ = {
			isa = PBXGroup;
			children = (
			);
			path = Repositories;
			sourceTree = "<group>";
		};
		DB94F16327438AFF00454311 /* Entities */ = {
			isa = PBXGroup;
			children = (
			);
			path = Entities;
			sourceTree = "<group>";
		};
		DB94F16427438AFF00454311 /* Domain */ = {
			isa = PBXGroup;
			children = (
				DB94F16527438AFF00454311 /* Models */,
				DB94F16627438AFF00454311 /* UseCases */,
			);
			path = Domain;
			sourceTree = "<group>";
		};
		DB94F16527438AFF00454311 /* Models */ = {
			isa = PBXGroup;
			children = (
			);
			path = Models;
			sourceTree = "<group>";
		};
		DB94F16627438AFF00454311 /* UseCases */ = {
			isa = PBXGroup;
			children = (
			);
			path = UseCases;
			sourceTree = "<group>";
		};
		DB94F16727438AFF00454311 /* Presentation */ = {
			isa = PBXGroup;
			children = (
				DB94F16827438AFF00454311 /* Scenes */,
				DB94F16B27438AFF00454311 /* BaseComponents */,
				DB94F16C27438AFF00454311 /* Extensions */,
				DB94F16D27438AFF00454311 /* Theme */,
				DB94F16E27438AFF00454311 /* AppRoot */,
				DB94F17127438AFF00454311 /* Views */,
				DB94F17227438AFF00454311 /* Protocols */,
			);
			path = Presentation;
			sourceTree = "<group>";
		};
		DB94F16827438AFF00454311 /* Scenes */ = {
			isa = PBXGroup;
			children = (
				DB94F16927438AFF00454311 /* Search */,
			);
			path = Scenes;
			sourceTree = "<group>";
		};
		DB94F16927438AFF00454311 /* Search */ = {
			isa = PBXGroup;
			children = (
				DB94F16A27438AFF00454311 /* SearchViewController.swift */,
			);
			path = Search;
			sourceTree = "<group>";
		};
		DB94F16B27438AFF00454311 /* BaseComponents */ = {
			isa = PBXGroup;
			children = (
			);
			path = BaseComponents;
			sourceTree = "<group>";
		};
		DB94F16C27438AFF00454311 /* Extensions */ = {
			isa = PBXGroup;
			children = (
			);
			path = Extensions;
			sourceTree = "<group>";
		};
		DB94F16D27438AFF00454311 /* Theme */ = {
			isa = PBXGroup;
			children = (
			);
			path = Theme;
			sourceTree = "<group>";
		};
		DB94F16E27438AFF00454311 /* AppRoot */ = {
			isa = PBXGroup;
			children = (
				DB94F16F27438AFF00454311 /* AppDelegate.swift */,
				DB94F17027438AFF00454311 /* SceneDelegate.swift */,
			);
			path = AppRoot;
			sourceTree = "<group>";
		};
		DB94F17127438AFF00454311 /* Views */ = {
			isa = PBXGroup;
			children = (
			);
			path = Views;
			sourceTree = "<group>";
		};
		DB94F17227438AFF00454311 /* Protocols */ = {
			isa = PBXGroup;
			children = (
			);
			path = Protocols;
			sourceTree = "<group>";
		};
/* End PBXGroup section */

/* Begin PBXNativeTarget section */
		DB130B332742C6EF00AEB83B /* BookStore */ = {
			isa = PBXNativeTarget;
			buildConfigurationList = DB130B5E2742C6F000AEB83B /* Build configuration list for PBXNativeTarget "BookStore" */;
			buildPhases = (
				DB130B302742C6EF00AEB83B /* Sources */,
				DB130B312742C6EF00AEB83B /* Frameworks */,
				DB130B322742C6EF00AEB83B /* Resources */,
			);
			buildRules = (
			);
			dependencies = (
			);
			name = BookStore;
			productName = BookStore;
			productReference = DB130B342742C6EF00AEB83B /* BookStore.app */;
			productType = "com.apple.product-type.application";
		};
		DB130B492742C6F000AEB83B /* BookStoreTests */ = {
			isa = PBXNativeTarget;
			buildConfigurationList = DB130B612742C6F000AEB83B /* Build configuration list for PBXNativeTarget "BookStoreTests" */;
			buildPhases = (
				DB130B462742C6F000AEB83B /* Sources */,
				DB130B472742C6F000AEB83B /* Frameworks */,
				DB130B482742C6F000AEB83B /* Resources */,
			);
			buildRules = (
			);
			dependencies = (
				DB130B4C2742C6F000AEB83B /* PBXTargetDependency */,
			);
			name = BookStoreTests;
			productName = BookStoreTests;
			productReference = DB130B4A2742C6F000AEB83B /* BookStoreTests.xctest */;
			productType = "com.apple.product-type.bundle.unit-test";
		};
		DB130B542742C6F000AEB83B /* BookStoreUITests */ = {
			isa = PBXNativeTarget;
			buildConfigurationList = DB130B642742C6F000AEB83B /* Build configuration list for PBXNativeTarget "BookStoreUITests" */;
			buildPhases = (
				DB130B512742C6F000AEB83B /* Sources */,
				DB130B522742C6F000AEB83B /* Frameworks */,
				DB130B532742C6F000AEB83B /* Resources */,
			);
			buildRules = (
			);
			dependencies = (
				DB130B572742C6F000AEB83B /* PBXTargetDependency */,
			);
			name = BookStoreUITests;
			productName = BookStoreUITests;
			productReference = DB130B552742C6F000AEB83B /* BookStoreUITests.xctest */;
			productType = "com.apple.product-type.bundle.ui-testing";
		};
/* End PBXNativeTarget section */

/* Begin PBXProject section */
		DB130B2C2742C6EF00AEB83B /* Project object */ = {
			isa = PBXProject;
			attributes = {
				LastSwiftUpdateCheck = 1250;
				LastUpgradeCheck = 1250;
				TargetAttributes = {
					DB130B332742C6EF00AEB83B = {
						CreatedOnToolsVersion = 12.5.1;
					};
					DB130B492742C6F000AEB83B = {
						CreatedOnToolsVersion = 12.5.1;
						TestTargetID = DB130B332742C6EF00AEB83B;
					};
					DB130B542742C6F000AEB83B = {
						CreatedOnToolsVersion = 12.5.1;
						TestTargetID = DB130B332742C6EF00AEB83B;
					};
				};
			};
			buildConfigurationList = DB130B2F2742C6EF00AEB83B /* Build configuration list for PBXProject "BookStore" */;
			compatibilityVersion = "Xcode 9.3";
			developmentRegion = en;
			hasScannedForEncodings = 0;
			knownRegions = (
				en,
				Base,
			);
			mainGroup = DB130B2B2742C6EF00AEB83B;
			productRefGroup = DB130B352742C6EF00AEB83B /* Products */;
			projectDirPath = "";
			projectRoot = "";
			targets = (
				DB130B332742C6EF00AEB83B /* BookStore */,
				DB130B492742C6F000AEB83B /* BookStoreTests */,
				DB130B542742C6F000AEB83B /* BookStoreUITests */,
			);
		};
/* End PBXProject section */

/* Begin PBXResourcesBuildPhase section */
		DB130B322742C6EF00AEB83B /* Resources */ = {
			isa = PBXResourcesBuildPhase;
			buildActionMask = 2147483647;
			files = (
				DB0035BA27438CE8005CBC4C /* LaunchScreen.storyboard in Resources */,
				DB94F17327438AFF00454311 /* Assets.xcassets in Resources */,
			);
			runOnlyForDeploymentPostprocessing = 0;
		};
		DB130B482742C6F000AEB83B /* Resources */ = {
			isa = PBXResourcesBuildPhase;
			buildActionMask = 2147483647;
			files = (
			);
			runOnlyForDeploymentPostprocessing = 0;
		};
		DB130B532742C6F000AEB83B /* Resources */ = {
			isa = PBXResourcesBuildPhase;
			buildActionMask = 2147483647;
			files = (
			);
			runOnlyForDeploymentPostprocessing = 0;
		};
/* End PBXResourcesBuildPhase section */

/* Begin PBXSourcesBuildPhase section */
		DB130B302742C6EF00AEB83B /* Sources */ = {
			isa = PBXSourcesBuildPhase;
			buildActionMask = 2147483647;
			files = (
				DB94F17727438AFF00454311 /* AppDelegate.swift in Sources */,
				DB94F17627438AFF00454311 /* SearchViewController.swift in Sources */,
				DB94F17827438AFF00454311 /* SceneDelegate.swift in Sources */,
			);
			runOnlyForDeploymentPostprocessing = 0;
		};
		DB130B462742C6F000AEB83B /* Sources */ = {
			isa = PBXSourcesBuildPhase;
			buildActionMask = 2147483647;
			files = (
				DB130B4F2742C6F000AEB83B /* BookStoreTests.swift in Sources */,
			);
			runOnlyForDeploymentPostprocessing = 0;
		};
		DB130B512742C6F000AEB83B /* Sources */ = {
			isa = PBXSourcesBuildPhase;
			buildActionMask = 2147483647;
			files = (
				DB130B5A2742C6F000AEB83B /* BookStoreUITests.swift in Sources */,
			);
			runOnlyForDeploymentPostprocessing = 0;
		};
/* End PBXSourcesBuildPhase section */

/* Begin PBXTargetDependency section */
		DB130B4C2742C6F000AEB83B /* PBXTargetDependency */ = {
			isa = PBXTargetDependency;
			target = DB130B332742C6EF00AEB83B /* BookStore */;
			targetProxy = DB130B4B2742C6F000AEB83B /* PBXContainerItemProxy */;
		};
		DB130B572742C6F000AEB83B /* PBXTargetDependency */ = {
			isa = PBXTargetDependency;
			target = DB130B332742C6EF00AEB83B /* BookStore */;
			targetProxy = DB130B562742C6F000AEB83B /* PBXContainerItemProxy */;
		};
/* End PBXTargetDependency section */

/* Begin XCBuildConfiguration section */
		DB130B5C2742C6F000AEB83B /* Debug */ = {
			isa = XCBuildConfiguration;
			buildSettings = {
				ALWAYS_SEARCH_USER_PATHS = NO;
				CLANG_ANALYZER_LOCALIZABILITY_NONLOCALIZED = YES;
				CLANG_ANALYZER_NONNULL = YES;
				CLANG_ANALYZER_NUMBER_OBJECT_CONVERSION = YES_AGGRESSIVE;
				CLANG_CXX_LANGUAGE_STANDARD = "gnu++14";
				CLANG_CXX_LIBRARY = "libc++";
				CLANG_ENABLE_MODULES = YES;
				CLANG_ENABLE_OBJC_ARC = YES;
				CLANG_ENABLE_OBJC_WEAK = YES;
				CLANG_WARN_BLOCK_CAPTURE_AUTORELEASING = YES;
				CLANG_WARN_BOOL_CONVERSION = YES;
				CLANG_WARN_COMMA = YES;
				CLANG_WARN_CONSTANT_CONVERSION = YES;
				CLANG_WARN_DEPRECATED_OBJC_IMPLEMENTATIONS = YES;
				CLANG_WARN_DIRECT_OBJC_ISA_USAGE = YES_ERROR;
				CLANG_WARN_DOCUMENTATION_COMMENTS = YES;
				CLANG_WARN_EMPTY_BODY = YES;
				CLANG_WARN_ENUM_CONVERSION = YES;
				CLANG_WARN_INFINITE_RECURSION = YES;
				CLANG_WARN_INT_CONVERSION = YES;
				CLANG_WARN_NON_LITERAL_NULL_CONVERSION = YES;
				CLANG_WARN_OBJC_IMPLICIT_RETAIN_SELF = YES;
				CLANG_WARN_OBJC_LITERAL_CONVERSION = YES;
				CLANG_WARN_OBJC_ROOT_CLASS = YES_ERROR;
				CLANG_WARN_QUOTED_INCLUDE_IN_FRAMEWORK_HEADER = YES;
				CLANG_WARN_RANGE_LOOP_ANALYSIS = YES;
				CLANG_WARN_STRICT_PROTOTYPES = YES;
				CLANG_WARN_SUSPICIOUS_MOVE = YES;
				CLANG_WARN_UNGUARDED_AVAILABILITY = YES_AGGRESSIVE;
				CLANG_WARN_UNREACHABLE_CODE = YES;
				CLANG_WARN__DUPLICATE_METHOD_MATCH = YES;
				COPY_PHASE_STRIP = NO;
				DEBUG_INFORMATION_FORMAT = dwarf;
				ENABLE_STRICT_OBJC_MSGSEND = YES;
				ENABLE_TESTABILITY = YES;
				GCC_C_LANGUAGE_STANDARD = gnu11;
				GCC_DYNAMIC_NO_PIC = NO;
				GCC_NO_COMMON_BLOCKS = YES;
				GCC_OPTIMIZATION_LEVEL = 0;
				GCC_PREPROCESSOR_DEFINITIONS = (
					"DEBUG=1",
					"$(inherited)",
				);
				GCC_WARN_64_TO_32_BIT_CONVERSION = YES;
				GCC_WARN_ABOUT_RETURN_TYPE = YES_ERROR;
				GCC_WARN_UNDECLARED_SELECTOR = YES;
				GCC_WARN_UNINITIALIZED_AUTOS = YES_AGGRESSIVE;
				GCC_WARN_UNUSED_FUNCTION = YES;
				GCC_WARN_UNUSED_VARIABLE = YES;
				IPHONEOS_DEPLOYMENT_TARGET = 13.0;
				MTL_ENABLE_DEBUG_INFO = INCLUDE_SOURCE;
				MTL_FAST_MATH = YES;
				ONLY_ACTIVE_ARCH = YES;
				SDKROOT = iphoneos;
				SWIFT_ACTIVE_COMPILATION_CONDITIONS = DEBUG;
				SWIFT_OPTIMIZATION_LEVEL = "-Onone";
			};
			name = Debug;
		};
		DB130B5D2742C6F000AEB83B /* Release */ = {
			isa = XCBuildConfiguration;
			buildSettings = {
				ALWAYS_SEARCH_USER_PATHS = NO;
				CLANG_ANALYZER_LOCALIZABILITY_NONLOCALIZED = YES;
				CLANG_ANALYZER_NONNULL = YES;
				CLANG_ANALYZER_NUMBER_OBJECT_CONVERSION = YES_AGGRESSIVE;
				CLANG_CXX_LANGUAGE_STANDARD = "gnu++14";
				CLANG_CXX_LIBRARY = "libc++";
				CLANG_ENABLE_MODULES = YES;
				CLANG_ENABLE_OBJC_ARC = YES;
				CLANG_ENABLE_OBJC_WEAK = YES;
				CLANG_WARN_BLOCK_CAPTURE_AUTORELEASING = YES;
				CLANG_WARN_BOOL_CONVERSION = YES;
				CLANG_WARN_COMMA = YES;
				CLANG_WARN_CONSTANT_CONVERSION = YES;
				CLANG_WARN_DEPRECATED_OBJC_IMPLEMENTATIONS = YES;
				CLANG_WARN_DIRECT_OBJC_ISA_USAGE = YES_ERROR;
				CLANG_WARN_DOCUMENTATION_COMMENTS = YES;
				CLANG_WARN_EMPTY_BODY = YES;
				CLANG_WARN_ENUM_CONVERSION = YES;
				CLANG_WARN_INFINITE_RECURSION = YES;
				CLANG_WARN_INT_CONVERSION = YES;
				CLANG_WARN_NON_LITERAL_NULL_CONVERSION = YES;
				CLANG_WARN_OBJC_IMPLICIT_RETAIN_SELF = YES;
				CLANG_WARN_OBJC_LITERAL_CONVERSION = YES;
				CLANG_WARN_OBJC_ROOT_CLASS = YES_ERROR;
				CLANG_WARN_QUOTED_INCLUDE_IN_FRAMEWORK_HEADER = YES;
				CLANG_WARN_RANGE_LOOP_ANALYSIS = YES;
				CLANG_WARN_STRICT_PROTOTYPES = YES;
				CLANG_WARN_SUSPICIOUS_MOVE = YES;
				CLANG_WARN_UNGUARDED_AVAILABILITY = YES_AGGRESSIVE;
				CLANG_WARN_UNREACHABLE_CODE = YES;
				CLANG_WARN__DUPLICATE_METHOD_MATCH = YES;
				COPY_PHASE_STRIP = NO;
				DEBUG_INFORMATION_FORMAT = "dwarf-with-dsym";
				ENABLE_NS_ASSERTIONS = NO;
				ENABLE_STRICT_OBJC_MSGSEND = YES;
				GCC_C_LANGUAGE_STANDARD = gnu11;
				GCC_NO_COMMON_BLOCKS = YES;
				GCC_WARN_64_TO_32_BIT_CONVERSION = YES;
				GCC_WARN_ABOUT_RETURN_TYPE = YES_ERROR;
				GCC_WARN_UNDECLARED_SELECTOR = YES;
				GCC_WARN_UNINITIALIZED_AUTOS = YES_AGGRESSIVE;
				GCC_WARN_UNUSED_FUNCTION = YES;
				GCC_WARN_UNUSED_VARIABLE = YES;
				IPHONEOS_DEPLOYMENT_TARGET = 13.0;
				MTL_ENABLE_DEBUG_INFO = NO;
				MTL_FAST_MATH = YES;
				SDKROOT = iphoneos;
				SWIFT_COMPILATION_MODE = wholemodule;
				SWIFT_OPTIMIZATION_LEVEL = "-O";
				VALIDATE_PRODUCT = YES;
			};
			name = Release;
		};
		DB130B5F2742C6F000AEB83B /* Debug */ = {
			isa = XCBuildConfiguration;
			buildSettings = {
				ASSETCATALOG_COMPILER_APPICON_NAME = AppIcon;
				ASSETCATALOG_COMPILER_GLOBAL_ACCENT_COLOR_NAME = AccentColor;
				CODE_SIGN_STYLE = Automatic;
				DEVELOPMENT_TEAM = M77W68G9P5;
				DONT_GENERATE_INFOPLIST_FILE = NO;
				INFOPLIST_FILE = BookStore/Resources/Info.plist;
				LD_RUNPATH_SEARCH_PATHS = (
					"$(inherited)",
					"@executable_path/Frameworks",
				);
				MARKETING_VERSION = 1.0.0;
				PRODUCT_BUNDLE_IDENTIFIER = com.elonpark.BookStore;
				PRODUCT_NAME = "$(TARGET_NAME)";
				SWIFT_VERSION = 5.0;
				TARGETED_DEVICE_FAMILY = "1,2";
			};
			name = Debug;
		};
		DB130B602742C6F000AEB83B /* Release */ = {
			isa = XCBuildConfiguration;
			buildSettings = {
				ASSETCATALOG_COMPILER_APPICON_NAME = AppIcon;
				ASSETCATALOG_COMPILER_GLOBAL_ACCENT_COLOR_NAME = AccentColor;
				CODE_SIGN_STYLE = Automatic;
				DEVELOPMENT_TEAM = M77W68G9P5;
				DONT_GENERATE_INFOPLIST_FILE = NO;
				INFOPLIST_FILE = BookStore/Resources/Info.plist;
				LD_RUNPATH_SEARCH_PATHS = (
					"$(inherited)",
					"@executable_path/Frameworks",
				);
				MARKETING_VERSION = 1.0.0;
				PRODUCT_BUNDLE_IDENTIFIER = com.elonpark.BookStore;
				PRODUCT_NAME = "$(TARGET_NAME)";
				SWIFT_VERSION = 5.0;
				TARGETED_DEVICE_FAMILY = "1,2";
			};
			name = Release;
		};
		DB130B622742C6F000AEB83B /* Debug */ = {
			isa = XCBuildConfiguration;
			buildSettings = {
				ALWAYS_EMBED_SWIFT_STANDARD_LIBRARIES = YES;
				BUNDLE_LOADER = "$(TEST_HOST)";
				CODE_SIGN_STYLE = Automatic;
				DEVELOPMENT_TEAM = M77W68G9P5;
				INFOPLIST_FILE = BookStoreTests/Info.plist;
				IPHONEOS_DEPLOYMENT_TARGET = 14.5;
				LD_RUNPATH_SEARCH_PATHS = (
					"$(inherited)",
					"@executable_path/Frameworks",
					"@loader_path/Frameworks",
				);
				PRODUCT_BUNDLE_IDENTIFIER = com.elonpark.BookStoreTests;
				PRODUCT_NAME = "$(TARGET_NAME)";
				SWIFT_VERSION = 5.0;
				TARGETED_DEVICE_FAMILY = "1,2";
				TEST_HOST = "$(BUILT_PRODUCTS_DIR)/BookStore.app/BookStore";
			};
			name = Debug;
		};
		DB130B632742C6F000AEB83B /* Release */ = {
			isa = XCBuildConfiguration;
			buildSettings = {
				ALWAYS_EMBED_SWIFT_STANDARD_LIBRARIES = YES;
				BUNDLE_LOADER = "$(TEST_HOST)";
				CODE_SIGN_STYLE = Automatic;
				DEVELOPMENT_TEAM = M77W68G9P5;
				INFOPLIST_FILE = BookStoreTests/Info.plist;
				IPHONEOS_DEPLOYMENT_TARGET = 14.5;
				LD_RUNPATH_SEARCH_PATHS = (
					"$(inherited)",
					"@executable_path/Frameworks",
					"@loader_path/Frameworks",
				);
				PRODUCT_BUNDLE_IDENTIFIER = com.elonpark.BookStoreTests;
				PRODUCT_NAME = "$(TARGET_NAME)";
				SWIFT_VERSION = 5.0;
				TARGETED_DEVICE_FAMILY = "1,2";
				TEST_HOST = "$(BUILT_PRODUCTS_DIR)/BookStore.app/BookStore";
			};
			name = Release;
		};
		DB130B652742C6F000AEB83B /* Debug */ = {
			isa = XCBuildConfiguration;
			buildSettings = {
				ALWAYS_EMBED_SWIFT_STANDARD_LIBRARIES = YES;
				CODE_SIGN_STYLE = Automatic;
				DEVELOPMENT_TEAM = M77W68G9P5;
				INFOPLIST_FILE = BookStoreUITests/Info.plist;
				LD_RUNPATH_SEARCH_PATHS = (
					"$(inherited)",
					"@executable_path/Frameworks",
					"@loader_path/Frameworks",
				);
				PRODUCT_BUNDLE_IDENTIFIER = com.elonpark.BookStoreUITests;
				PRODUCT_NAME = "$(TARGET_NAME)";
				SWIFT_VERSION = 5.0;
				TARGETED_DEVICE_FAMILY = "1,2";
				TEST_TARGET_NAME = BookStore;
			};
			name = Debug;
		};
		DB130B662742C6F000AEB83B /* Release */ = {
			isa = XCBuildConfiguration;
			buildSettings = {
				ALWAYS_EMBED_SWIFT_STANDARD_LIBRARIES = YES;
				CODE_SIGN_STYLE = Automatic;
				DEVELOPMENT_TEAM = M77W68G9P5;
				INFOPLIST_FILE = BookStoreUITests/Info.plist;
				LD_RUNPATH_SEARCH_PATHS = (
					"$(inherited)",
					"@executable_path/Frameworks",
					"@loader_path/Frameworks",
				);
				PRODUCT_BUNDLE_IDENTIFIER = com.elonpark.BookStoreUITests;
				PRODUCT_NAME = "$(TARGET_NAME)";
				SWIFT_VERSION = 5.0;
				TARGETED_DEVICE_FAMILY = "1,2";
				TEST_TARGET_NAME = BookStore;
			};
			name = Release;
		};
/* End XCBuildConfiguration section */

/* Begin XCConfigurationList section */
		DB130B2F2742C6EF00AEB83B /* Build configuration list for PBXProject "BookStore" */ = {
			isa = XCConfigurationList;
			buildConfigurations = (
				DB130B5C2742C6F000AEB83B /* Debug */,
				DB130B5D2742C6F000AEB83B /* Release */,
			);
			defaultConfigurationIsVisible = 0;
			defaultConfigurationName = Release;
		};
		DB130B5E2742C6F000AEB83B /* Build configuration list for PBXNativeTarget "BookStore" */ = {
			isa = XCConfigurationList;
			buildConfigurations = (
				DB130B5F2742C6F000AEB83B /* Debug */,
				DB130B602742C6F000AEB83B /* Release */,
			);
			defaultConfigurationIsVisible = 0;
			defaultConfigurationName = Release;
		};
		DB130B612742C6F000AEB83B /* Build configuration list for PBXNativeTarget "BookStoreTests" */ = {
			isa = XCConfigurationList;
			buildConfigurations = (
				DB130B622742C6F000AEB83B /* Debug */,
				DB130B632742C6F000AEB83B /* Release */,
			);
			defaultConfigurationIsVisible = 0;
			defaultConfigurationName = Release;
		};
		DB130B642742C6F000AEB83B /* Build configuration list for PBXNativeTarget "BookStoreUITests" */ = {
			isa = XCConfigurationList;
			buildConfigurations = (
				DB130B652742C6F000AEB83B /* Debug */,
				DB130B662742C6F000AEB83B /* Release */,
			);
			defaultConfigurationIsVisible = 0;
			defaultConfigurationName = Release;
		};
/* End XCConfigurationList section */
	};
	rootObject = DB130B2C2742C6EF00AEB83B /* Project object */;
}
