// !$*UTF8*$!
{
	archiveVersion = 1;
	classes = {
	};
	objectVersion = 52;
	objects = {

/* Begin PBXBuildFile section */
		DBCA93522745427400F5A439 /* SearchModel.swift in Sources */ = {isa = PBXBuildFile; fileRef = DBCA93512745427400F5A439 /* SearchModel.swift */; };
		DBCA93542745429500F5A439 /* DisplayErrorMessage.swift in Sources */ = {isa = PBXBuildFile; fileRef = DBCA93532745429500F5A439 /* DisplayErrorMessage.swift */; };
		DBCA9356274542B900F5A439 /* BooktTitleHeaderViewModel.swift in Sources */ = {isa = PBXBuildFile; fileRef = DBCA9355274542B900F5A439 /* BooktTitleHeaderViewModel.swift */; };
		DBCA9358274542D200F5A439 /* SearchError.swift in Sources */ = {isa = PBXBuildFile; fileRef = DBCA9357274542D200F5A439 /* SearchError.swift */; };
		DBCA935B2745431600F5A439 /* SearchViewModelSection.swift in Sources */ = {isa = PBXBuildFile; fileRef = DBCA935A2745431600F5A439 /* SearchViewModelSection.swift */; };
		DBCA935D2745434900F5A439 /* SearchViewModelDisplayBook.swift in Sources */ = {isa = PBXBuildFile; fileRef = DBCA935C2745434900F5A439 /* SearchViewModelDisplayBook.swift */; };
		DBCA93642745477400F5A439 /* BookDetailsCell.swift in Sources */ = {isa = PBXBuildFile; fileRef = DBCA93632745477400F5A439 /* BookDetailsCell.swift */; };
		DBCA93662745479300F5A439 /* BookDetailsHeaderView.swift in Sources */ = {isa = PBXBuildFile; fileRef = DBCA93652745479300F5A439 /* BookDetailsHeaderView.swift */; };
		DBCA93682745482600F5A439 /* BookDetailsSectionTitleHeaderView.swift in Sources */ = {isa = PBXBuildFile; fileRef = DBCA93672745482600F5A439 /* BookDetailsSectionTitleHeaderView.swift */; };
		DBCA936A2745491500F5A439 /* BookTitleHeaderView.swift in Sources */ = {isa = PBXBuildFile; fileRef = DBCA93692745491500F5A439 /* BookTitleHeaderView.swift */; };
		DBCA936C274549C700F5A439 /* TextContentsView.swift in Sources */ = {isa = PBXBuildFile; fileRef = DBCA936B274549C700F5A439 /* TextContentsView.swift */; };
		DBCA93702745514C00F5A439 /* UIImageViewExtensions.swift in Sources */ = {isa = PBXBuildFile; fileRef = DBCA936F2745514C00F5A439 /* UIImageViewExtensions.swift */; };
		DBCA93742745520F00F5A439 /* SearchBuilder.swift in Sources */ = {isa = PBXBuildFile; fileRef = DBCA93732745520F00F5A439 /* SearchBuilder.swift */; };
		DBCA93762745523E00F5A439 /* SearchInteractor.swift in Sources */ = {isa = PBXBuildFile; fileRef = DBCA93752745523E00F5A439 /* SearchInteractor.swift */; };
		DBCA93782745537600F5A439 /* SearchPresenter.swift in Sources */ = {isa = PBXBuildFile; fileRef = DBCA93772745537600F5A439 /* SearchPresenter.swift */; };
		DBCA937A274553AD00F5A439 /* SearchRouter.swift in Sources */ = {isa = PBXBuildFile; fileRef = DBCA9379274553AD00F5A439 /* SearchRouter.swift */; };
		DBCA937C274553DD00F5A439 /* SearchViewController.swift in Sources */ = {isa = PBXBuildFile; fileRef = DBCA937B274553DD00F5A439 /* SearchViewController.swift */; };
		DBCA937E2745542D00F5A439 /* ErrorAlertable.swift in Sources */ = {isa = PBXBuildFile; fileRef = DBCA937D2745542D00F5A439 /* ErrorAlertable.swift */; };
		DBCA93802745547800F5A439 /* BookDetailsBuilder.swift in Sources */ = {isa = PBXBuildFile; fileRef = DBCA937F2745547800F5A439 /* BookDetailsBuilder.swift */; };
		DBCA9383274554CE00F5A439 /* BookDetailsModel.swift in Sources */ = {isa = PBXBuildFile; fileRef = DBCA9382274554CE00F5A439 /* BookDetailsModel.swift */; };
		DBCA9385274554E100F5A439 /* BookDetailsError.swift in Sources */ = {isa = PBXBuildFile; fileRef = DBCA9384274554E100F5A439 /* BookDetailsError.swift */; };
		DBCA93882745550300F5A439 /* DetailsViewModelSection.swift in Sources */ = {isa = PBXBuildFile; fileRef = DBCA93872745550300F5A439 /* DetailsViewModelSection.swift */; };
		DBCA938A2745552E00F5A439 /* BookDetailsInteractor.swift in Sources */ = {isa = PBXBuildFile; fileRef = DBCA93892745552E00F5A439 /* BookDetailsInteractor.swift */; };
		DBCA938C2745554A00F5A439 /* BookDetailsPresenter.swift in Sources */ = {isa = PBXBuildFile; fileRef = DBCA938B2745554A00F5A439 /* BookDetailsPresenter.swift */; };
		DBCA938E2745556200F5A439 /* BookDetailsRouter.swift in Sources */ = {isa = PBXBuildFile; fileRef = DBCA938D2745556200F5A439 /* BookDetailsRouter.swift */; };
		DBCA93902745557600F5A439 /* BookDetailsViewController.swift in Sources */ = {isa = PBXBuildFile; fileRef = DBCA938F2745557600F5A439 /* BookDetailsViewController.swift */; };
		DBCA93922745563300F5A439 /* SearchResultCell.swift in Sources */ = {isa = PBXBuildFile; fileRef = DBCA93912745563300F5A439 /* SearchResultCell.swift */; };
		DBE5BBE12743D0F300724336 /* AppDelegate.swift in Sources */ = {isa = PBXBuildFile; fileRef = DBE5BBE02743D0F300724336 /* AppDelegate.swift */; };
		DBE5BBE32743D0F300724336 /* SceneDelegate.swift in Sources */ = {isa = PBXBuildFile; fileRef = DBE5BBE22743D0F300724336 /* SceneDelegate.swift */; };
		DBE5BBE82743D0F300724336 /* Main.storyboard in Resources */ = {isa = PBXBuildFile; fileRef = DBE5BBE62743D0F300724336 /* Main.storyboard */; };
		DBE5BBEA2743D0F400724336 /* Assets.xcassets in Resources */ = {isa = PBXBuildFile; fileRef = DBE5BBE92743D0F400724336 /* Assets.xcassets */; };
		DBE5BBED2743D0F400724336 /* LaunchScreen.storyboard in Resources */ = {isa = PBXBuildFile; fileRef = DBE5BBEB2743D0F400724336 /* LaunchScreen.storyboard */; };
		DBE5BC032743D0F400724336 /* BookStoreUITests.swift in Sources */ = {isa = PBXBuildFile; fileRef = DBE5BC022743D0F400724336 /* BookStoreUITests.swift */; };
		DBE5BCB32743D90000724336 /* BookStoreInformation.swift in Sources */ = {isa = PBXBuildFile; fileRef = DBE5BCB22743D90000724336 /* BookStoreInformation.swift */; };
		DBE5BCB52743D9D000724336 /* SearchAPI.swift in Sources */ = {isa = PBXBuildFile; fileRef = DBE5BCB42743D9D000724336 /* SearchAPI.swift */; };
		DBE5BCB82743DB8B00724336 /* Moya in Frameworks */ = {isa = PBXBuildFile; productRef = DBE5BCB72743DB8B00724336 /* Moya */; };
		DBE5BCBA2743DCB700724336 /* FixtureFactory.swift in Sources */ = {isa = PBXBuildFile; fileRef = DBE5BCB92743DCB700724336 /* FixtureFactory.swift */; };
		DBE5BCBD2743DCF100724336 /* EndpointTastable.swift in Sources */ = {isa = PBXBuildFile; fileRef = DBE5BCBC2743DCF100724336 /* EndpointTastable.swift */; };
		DBE5BCBF2743DD7100724336 /* SearchAPISampleDataFactory.swift in Sources */ = {isa = PBXBuildFile; fileRef = DBE5BCBE2743DD7100724336 /* SearchAPISampleDataFactory.swift */; };
		DBE5BCC12743DEBF00724336 /* DetailsAPI.swift in Sources */ = {isa = PBXBuildFile; fileRef = DBE5BCC02743DEBF00724336 /* DetailsAPI.swift */; };
		DBE5BCC32743E0DF00724336 /* URLPathPercentEncodable.swift in Sources */ = {isa = PBXBuildFile; fileRef = DBE5BCC22743E0DF00724336 /* URLPathPercentEncodable.swift */; };
		DBE5BCC52743E9DE00724336 /* DetailsAPISampleDataFactory.swift in Sources */ = {isa = PBXBuildFile; fileRef = DBE5BCC42743E9DE00724336 /* DetailsAPISampleDataFactory.swift */; };
		DBE5BCC72743FCE000724336 /* NetworkProvider.swift in Sources */ = {isa = PBXBuildFile; fileRef = DBE5BCC62743FCE000724336 /* NetworkProvider.swift */; };
		DBE5BCCA2743FD1600724336 /* NetworkLogPlugin.swift in Sources */ = {isa = PBXBuildFile; fileRef = DBE5BCC92743FD1600724336 /* NetworkLogPlugin.swift */; };
		DBE5BCCC2743FDEC00724336 /* BookDetails.swift in Sources */ = {isa = PBXBuildFile; fileRef = DBE5BCCB2743FDEC00724336 /* BookDetails.swift */; };
		DBE5BCCE2743FE0B00724336 /* BookSearchResult.swift in Sources */ = {isa = PBXBuildFile; fileRef = DBE5BCCD2743FE0B00724336 /* BookSearchResult.swift */; };
		DBE5BCD02743FE6800724336 /* NetworkRepository.swift in Sources */ = {isa = PBXBuildFile; fileRef = DBE5BCCF2743FE6800724336 /* NetworkRepository.swift */; };
		DBE5BCD22743FEB400724336 /* BookSearchRepository.swift in Sources */ = {isa = PBXBuildFile; fileRef = DBE5BCD12743FEB400724336 /* BookSearchRepository.swift */; };
		DBE5BCD42743FEDD00724336 /* BookDetailsRepository.swift in Sources */ = {isa = PBXBuildFile; fileRef = DBE5BCD32743FEDD00724336 /* BookDetailsRepository.swift */; };
		DBE5BCDA2743FF7F00724336 /* BookDetailsRepositoryStubTestCase.swift in Sources */ = {isa = PBXBuildFile; fileRef = DBE5BCD92743FF7F00724336 /* BookDetailsRepositoryStubTestCase.swift */; };
		DBE5BCDC2743FFDD00724336 /* BookDetailsTestDataFactory.swift in Sources */ = {isa = PBXBuildFile; fileRef = DBE5BCDB2743FFDD00724336 /* BookDetailsTestDataFactory.swift */; };
		DBE5BCDE2744001D00724336 /* BookDetailsRepositoryTestCase.swift in Sources */ = {isa = PBXBuildFile; fileRef = DBE5BCDD2744001D00724336 /* BookDetailsRepositoryTestCase.swift */; };
		DBE5BCE1274401F600724336 /* BookSearchRepositoryStubTestCase.swift in Sources */ = {isa = PBXBuildFile; fileRef = DBE5BCE0274401F600724336 /* BookSearchRepositoryStubTestCase.swift */; };
		DBE5BCE32744021C00724336 /* BookSearchTestDataFactory.swift in Sources */ = {isa = PBXBuildFile; fileRef = DBE5BCE22744021C00724336 /* BookSearchTestDataFactory.swift */; };
		DBE5BCE52744028D00724336 /* BookSearchRepositoryTestCase.swift in Sources */ = {isa = PBXBuildFile; fileRef = DBE5BCE42744028D00724336 /* BookSearchRepositoryTestCase.swift */; };
		DBE5BCE72745151000724336 /* ISBN13Validator.swift in Sources */ = {isa = PBXBuildFile; fileRef = DBE5BCE62745151000724336 /* ISBN13Validator.swift */; };
		DBE5BCE92745153300724336 /* ISBN13ValidatorTestCase.swift in Sources */ = {isa = PBXBuildFile; fileRef = DBE5BCE82745153300724336 /* ISBN13ValidatorTestCase.swift */; };
		DBE5BCED274522C000724336 /* ReuseIdentifiable.swift in Sources */ = {isa = PBXBuildFile; fileRef = DBE5BCEC274522C000724336 /* ReuseIdentifiable.swift */; };
		DBE5BCEF274522DE00724336 /* UITableViewExtensions.swift in Sources */ = {isa = PBXBuildFile; fileRef = DBE5BCEE274522DE00724336 /* UITableViewExtensions.swift */; };
		DBE5BCF12745238000724336 /* BaseViewController.swift in Sources */ = {isa = PBXBuildFile; fileRef = DBE5BCF02745238000724336 /* BaseViewController.swift */; };
		DBE5BCF3274523A400724336 /* Theme.swift in Sources */ = {isa = PBXBuildFile; fileRef = DBE5BCF2274523A400724336 /* Theme.swift */; };
		DBE5BCF52745241000724336 /* BaseNavigationController.swift in Sources */ = {isa = PBXBuildFile; fileRef = DBE5BCF42745241000724336 /* BaseNavigationController.swift */; };
		DBE5BCF72745253500724336 /* BaseView.swift in Sources */ = {isa = PBXBuildFile; fileRef = DBE5BCF62745253500724336 /* BaseView.swift */; };
		DBE5BCF9274525F900724336 /* BaseTableViewCell.swift in Sources */ = {isa = PBXBuildFile; fileRef = DBE5BCF8274525F900724336 /* BaseTableViewCell.swift */; };
		DBE5BCFB274526B300724336 /* BaseTableViewHeaderFooterView.swift in Sources */ = {isa = PBXBuildFile; fileRef = DBE5BCFA274526B300724336 /* BaseTableViewHeaderFooterView.swift */; };
		DBE5BCFD2745270500724336 /* BaseImageView.swift in Sources */ = {isa = PBXBuildFile; fileRef = DBE5BCFC2745270500724336 /* BaseImageView.swift */; };
		DBE5BCFF2745282D00724336 /* BaseLabel.swift in Sources */ = {isa = PBXBuildFile; fileRef = DBE5BCFE2745282D00724336 /* BaseLabel.swift */; };
		DBE5BD6F27452FEF00724336 /* ImageDownloader.framework in Frameworks */ = {isa = PBXBuildFile; fileRef = DBE5BD6E27452FEF00724336 /* ImageDownloader.framework */; };
		DBE5BD7027452FEF00724336 /* ImageDownloader.framework in Embed Frameworks */ = {isa = PBXBuildFile; fileRef = DBE5BD6E27452FEF00724336 /* ImageDownloader.framework */; settings = {ATTRIBUTES = (CodeSignOnCopy, RemoveHeadersOnCopy, ); }; };
/* End PBXBuildFile section */

/* Begin PBXContainerItemProxy section */
		DBE5BBF42743D0F400724336 /* PBXContainerItemProxy */ = {
			isa = PBXContainerItemProxy;
			containerPortal = DBE5BBD52743D0F300724336 /* Project object */;
			proxyType = 1;
			remoteGlobalIDString = DBE5BBDC2743D0F300724336;
			remoteInfo = BookStore;
		};
		DBE5BBFF2743D0F400724336 /* PBXContainerItemProxy */ = {
			isa = PBXContainerItemProxy;
			containerPortal = DBE5BBD52743D0F300724336 /* Project object */;
			proxyType = 1;
			remoteGlobalIDString = DBE5BBDC2743D0F300724336;
			remoteInfo = BookStore;
		};
/* End PBXContainerItemProxy section */

/* Begin PBXCopyFilesBuildPhase section */
		DBE5BD7127452FEF00724336 /* Embed Frameworks */ = {
			isa = PBXCopyFilesBuildPhase;
			buildActionMask = 2147483647;
			dstPath = "";
			dstSubfolderSpec = 10;
			files = (
				DBE5BD7027452FEF00724336 /* ImageDownloader.framework in Embed Frameworks */,
			);
			name = "Embed Frameworks";
			runOnlyForDeploymentPostprocessing = 0;
		};
/* End PBXCopyFilesBuildPhase section */

/* Begin PBXFileReference section */
		DBCA93512745427400F5A439 /* SearchModel.swift */ = {isa = PBXFileReference; lastKnownFileType = sourcecode.swift; path = SearchModel.swift; sourceTree = "<group>"; };
		DBCA93532745429500F5A439 /* DisplayErrorMessage.swift */ = {isa = PBXFileReference; lastKnownFileType = sourcecode.swift; path = DisplayErrorMessage.swift; sourceTree = "<group>"; };
		DBCA9355274542B900F5A439 /* BooktTitleHeaderViewModel.swift */ = {isa = PBXFileReference; lastKnownFileType = sourcecode.swift; path = BooktTitleHeaderViewModel.swift; sourceTree = "<group>"; };
		DBCA9357274542D200F5A439 /* SearchError.swift */ = {isa = PBXFileReference; lastKnownFileType = sourcecode.swift; path = SearchError.swift; sourceTree = "<group>"; };
		DBCA935A2745431600F5A439 /* SearchViewModelSection.swift */ = {isa = PBXFileReference; lastKnownFileType = sourcecode.swift; path = SearchViewModelSection.swift; sourceTree = "<group>"; };
		DBCA935C2745434900F5A439 /* SearchViewModelDisplayBook.swift */ = {isa = PBXFileReference; lastKnownFileType = sourcecode.swift; path = SearchViewModelDisplayBook.swift; sourceTree = "<group>"; };
		DBCA93632745477400F5A439 /* BookDetailsCell.swift */ = {isa = PBXFileReference; lastKnownFileType = sourcecode.swift; path = BookDetailsCell.swift; sourceTree = "<group>"; };
		DBCA93652745479300F5A439 /* BookDetailsHeaderView.swift */ = {isa = PBXFileReference; lastKnownFileType = sourcecode.swift; path = BookDetailsHeaderView.swift; sourceTree = "<group>"; };
		DBCA93672745482600F5A439 /* BookDetailsSectionTitleHeaderView.swift */ = {isa = PBXFileReference; lastKnownFileType = sourcecode.swift; path = BookDetailsSectionTitleHeaderView.swift; sourceTree = "<group>"; };
		DBCA93692745491500F5A439 /* BookTitleHeaderView.swift */ = {isa = PBXFileReference; lastKnownFileType = sourcecode.swift; path = BookTitleHeaderView.swift; sourceTree = "<group>"; };
		DBCA936B274549C700F5A439 /* TextContentsView.swift */ = {isa = PBXFileReference; lastKnownFileType = sourcecode.swift; path = TextContentsView.swift; sourceTree = "<group>"; };
		DBCA936F2745514C00F5A439 /* UIImageViewExtensions.swift */ = {isa = PBXFileReference; lastKnownFileType = sourcecode.swift; path = UIImageViewExtensions.swift; sourceTree = "<group>"; };
		DBCA93732745520F00F5A439 /* SearchBuilder.swift */ = {isa = PBXFileReference; lastKnownFileType = sourcecode.swift; path = SearchBuilder.swift; sourceTree = "<group>"; };
		DBCA93752745523E00F5A439 /* SearchInteractor.swift */ = {isa = PBXFileReference; lastKnownFileType = sourcecode.swift; path = SearchInteractor.swift; sourceTree = "<group>"; };
		DBCA93772745537600F5A439 /* SearchPresenter.swift */ = {isa = PBXFileReference; lastKnownFileType = sourcecode.swift; path = SearchPresenter.swift; sourceTree = "<group>"; };
		DBCA9379274553AD00F5A439 /* SearchRouter.swift */ = {isa = PBXFileReference; lastKnownFileType = sourcecode.swift; path = SearchRouter.swift; sourceTree = "<group>"; };
		DBCA937B274553DD00F5A439 /* SearchViewController.swift */ = {isa = PBXFileReference; lastKnownFileType = sourcecode.swift; path = SearchViewController.swift; sourceTree = "<group>"; };
		DBCA937D2745542D00F5A439 /* ErrorAlertable.swift */ = {isa = PBXFileReference; lastKnownFileType = sourcecode.swift; path = ErrorAlertable.swift; sourceTree = "<group>"; };
		DBCA937F2745547800F5A439 /* BookDetailsBuilder.swift */ = {isa = PBXFileReference; lastKnownFileType = sourcecode.swift; path = BookDetailsBuilder.swift; sourceTree = "<group>"; };
		DBCA9382274554CE00F5A439 /* BookDetailsModel.swift */ = {isa = PBXFileReference; lastKnownFileType = sourcecode.swift; path = BookDetailsModel.swift; sourceTree = "<group>"; };
		DBCA9384274554E100F5A439 /* BookDetailsError.swift */ = {isa = PBXFileReference; lastKnownFileType = sourcecode.swift; path = BookDetailsError.swift; sourceTree = "<group>"; };
		DBCA93872745550300F5A439 /* DetailsViewModelSection.swift */ = {isa = PBXFileReference; lastKnownFileType = sourcecode.swift; path = DetailsViewModelSection.swift; sourceTree = "<group>"; };
		DBCA93892745552E00F5A439 /* BookDetailsInteractor.swift */ = {isa = PBXFileReference; lastKnownFileType = sourcecode.swift; path = BookDetailsInteractor.swift; sourceTree = "<group>"; };
		DBCA938B2745554A00F5A439 /* BookDetailsPresenter.swift */ = {isa = PBXFileReference; lastKnownFileType = sourcecode.swift; path = BookDetailsPresenter.swift; sourceTree = "<group>"; };
		DBCA938D2745556200F5A439 /* BookDetailsRouter.swift */ = {isa = PBXFileReference; lastKnownFileType = sourcecode.swift; path = BookDetailsRouter.swift; sourceTree = "<group>"; };
		DBCA938F2745557600F5A439 /* BookDetailsViewController.swift */ = {isa = PBXFileReference; lastKnownFileType = sourcecode.swift; path = BookDetailsViewController.swift; sourceTree = "<group>"; };
		DBCA93912745563300F5A439 /* SearchResultCell.swift */ = {isa = PBXFileReference; lastKnownFileType = sourcecode.swift; path = SearchResultCell.swift; sourceTree = "<group>"; };
		DBE5BBDD2743D0F300724336 /* BookStore.app */ = {isa = PBXFileReference; explicitFileType = wrapper.application; includeInIndex = 0; path = BookStore.app; sourceTree = BUILT_PRODUCTS_DIR; };
		DBE5BBE02743D0F300724336 /* AppDelegate.swift */ = {isa = PBXFileReference; lastKnownFileType = sourcecode.swift; path = AppDelegate.swift; sourceTree = "<group>"; };
		DBE5BBE22743D0F300724336 /* SceneDelegate.swift */ = {isa = PBXFileReference; lastKnownFileType = sourcecode.swift; path = SceneDelegate.swift; sourceTree = "<group>"; };
		DBE5BBE72743D0F300724336 /* Base */ = {isa = PBXFileReference; lastKnownFileType = file.storyboard; name = Base; path = Base.lproj/Main.storyboard; sourceTree = "<group>"; };
		DBE5BBE92743D0F400724336 /* Assets.xcassets */ = {isa = PBXFileReference; lastKnownFileType = folder.assetcatalog; path = Assets.xcassets; sourceTree = "<group>"; };
		DBE5BBEC2743D0F400724336 /* Base */ = {isa = PBXFileReference; lastKnownFileType = file.storyboard; name = Base; path = Base.lproj/LaunchScreen.storyboard; sourceTree = "<group>"; };
		DBE5BBEE2743D0F400724336 /* Info.plist */ = {isa = PBXFileReference; lastKnownFileType = text.plist.xml; path = Info.plist; sourceTree = "<group>"; };
		DBE5BBF32743D0F400724336 /* BookStoreTests.xctest */ = {isa = PBXFileReference; explicitFileType = wrapper.cfbundle; includeInIndex = 0; path = BookStoreTests.xctest; sourceTree = BUILT_PRODUCTS_DIR; };
		DBE5BBF92743D0F400724336 /* Info.plist */ = {isa = PBXFileReference; lastKnownFileType = text.plist.xml; path = Info.plist; sourceTree = "<group>"; };
		DBE5BBFE2743D0F400724336 /* BookStoreUITests.xctest */ = {isa = PBXFileReference; explicitFileType = wrapper.cfbundle; includeInIndex = 0; path = BookStoreUITests.xctest; sourceTree = BUILT_PRODUCTS_DIR; };
		DBE5BC022743D0F400724336 /* BookStoreUITests.swift */ = {isa = PBXFileReference; lastKnownFileType = sourcecode.swift; path = BookStoreUITests.swift; sourceTree = "<group>"; };
		DBE5BC042743D0F400724336 /* Info.plist */ = {isa = PBXFileReference; lastKnownFileType = text.plist.xml; path = Info.plist; sourceTree = "<group>"; };
		DBE5BCB22743D90000724336 /* BookStoreInformation.swift */ = {isa = PBXFileReference; lastKnownFileType = sourcecode.swift; path = BookStoreInformation.swift; sourceTree = "<group>"; };
		DBE5BCB42743D9D000724336 /* SearchAPI.swift */ = {isa = PBXFileReference; lastKnownFileType = sourcecode.swift; path = SearchAPI.swift; sourceTree = "<group>"; };
		DBE5BCB92743DCB700724336 /* FixtureFactory.swift */ = {isa = PBXFileReference; lastKnownFileType = sourcecode.swift; path = FixtureFactory.swift; sourceTree = "<group>"; };
		DBE5BCBC2743DCF100724336 /* EndpointTastable.swift */ = {isa = PBXFileReference; lastKnownFileType = sourcecode.swift; path = EndpointTastable.swift; sourceTree = "<group>"; };
		DBE5BCBE2743DD7100724336 /* SearchAPISampleDataFactory.swift */ = {isa = PBXFileReference; lastKnownFileType = sourcecode.swift; path = SearchAPISampleDataFactory.swift; sourceTree = "<group>"; };
		DBE5BCC02743DEBF00724336 /* DetailsAPI.swift */ = {isa = PBXFileReference; lastKnownFileType = sourcecode.swift; path = DetailsAPI.swift; sourceTree = "<group>"; };
		DBE5BCC22743E0DF00724336 /* URLPathPercentEncodable.swift */ = {isa = PBXFileReference; lastKnownFileType = sourcecode.swift; path = URLPathPercentEncodable.swift; sourceTree = "<group>"; };
		DBE5BCC42743E9DE00724336 /* DetailsAPISampleDataFactory.swift */ = {isa = PBXFileReference; lastKnownFileType = sourcecode.swift; path = DetailsAPISampleDataFactory.swift; sourceTree = "<group>"; };
		DBE5BCC62743FCE000724336 /* NetworkProvider.swift */ = {isa = PBXFileReference; lastKnownFileType = sourcecode.swift; path = NetworkProvider.swift; sourceTree = "<group>"; };
		DBE5BCC92743FD1600724336 /* NetworkLogPlugin.swift */ = {isa = PBXFileReference; lastKnownFileType = sourcecode.swift; path = NetworkLogPlugin.swift; sourceTree = "<group>"; };
		DBE5BCCB2743FDEC00724336 /* BookDetails.swift */ = {isa = PBXFileReference; lastKnownFileType = sourcecode.swift; path = BookDetails.swift; sourceTree = "<group>"; };
		DBE5BCCD2743FE0B00724336 /* BookSearchResult.swift */ = {isa = PBXFileReference; lastKnownFileType = sourcecode.swift; path = BookSearchResult.swift; sourceTree = "<group>"; };
		DBE5BCCF2743FE6800724336 /* NetworkRepository.swift */ = {isa = PBXFileReference; lastKnownFileType = sourcecode.swift; path = NetworkRepository.swift; sourceTree = "<group>"; };
		DBE5BCD12743FEB400724336 /* BookSearchRepository.swift */ = {isa = PBXFileReference; lastKnownFileType = sourcecode.swift; path = BookSearchRepository.swift; sourceTree = "<group>"; };
		DBE5BCD32743FEDD00724336 /* BookDetailsRepository.swift */ = {isa = PBXFileReference; lastKnownFileType = sourcecode.swift; path = BookDetailsRepository.swift; sourceTree = "<group>"; };
		DBE5BCD92743FF7F00724336 /* BookDetailsRepositoryStubTestCase.swift */ = {isa = PBXFileReference; lastKnownFileType = sourcecode.swift; path = BookDetailsRepositoryStubTestCase.swift; sourceTree = "<group>"; };
		DBE5BCDB2743FFDD00724336 /* BookDetailsTestDataFactory.swift */ = {isa = PBXFileReference; lastKnownFileType = sourcecode.swift; path = BookDetailsTestDataFactory.swift; sourceTree = "<group>"; };
		DBE5BCDD2744001D00724336 /* BookDetailsRepositoryTestCase.swift */ = {isa = PBXFileReference; lastKnownFileType = sourcecode.swift; path = BookDetailsRepositoryTestCase.swift; sourceTree = "<group>"; };
		DBE5BCE0274401F600724336 /* BookSearchRepositoryStubTestCase.swift */ = {isa = PBXFileReference; lastKnownFileType = sourcecode.swift; path = BookSearchRepositoryStubTestCase.swift; sourceTree = "<group>"; };
		DBE5BCE22744021C00724336 /* BookSearchTestDataFactory.swift */ = {isa = PBXFileReference; lastKnownFileType = sourcecode.swift; path = BookSearchTestDataFactory.swift; sourceTree = "<group>"; };
		DBE5BCE42744028D00724336 /* BookSearchRepositoryTestCase.swift */ = {isa = PBXFileReference; lastKnownFileType = sourcecode.swift; path = BookSearchRepositoryTestCase.swift; sourceTree = "<group>"; };
		DBE5BCE62745151000724336 /* ISBN13Validator.swift */ = {isa = PBXFileReference; lastKnownFileType = sourcecode.swift; path = ISBN13Validator.swift; sourceTree = "<group>"; };
		DBE5BCE82745153300724336 /* ISBN13ValidatorTestCase.swift */ = {isa = PBXFileReference; lastKnownFileType = sourcecode.swift; path = ISBN13ValidatorTestCase.swift; sourceTree = "<group>"; };
		DBE5BCEC274522C000724336 /* ReuseIdentifiable.swift */ = {isa = PBXFileReference; lastKnownFileType = sourcecode.swift; path = ReuseIdentifiable.swift; sourceTree = "<group>"; };
		DBE5BCEE274522DE00724336 /* UITableViewExtensions.swift */ = {isa = PBXFileReference; lastKnownFileType = sourcecode.swift; path = UITableViewExtensions.swift; sourceTree = "<group>"; };
		DBE5BCF02745238000724336 /* BaseViewController.swift */ = {isa = PBXFileReference; lastKnownFileType = sourcecode.swift; path = BaseViewController.swift; sourceTree = "<group>"; };
		DBE5BCF2274523A400724336 /* Theme.swift */ = {isa = PBXFileReference; lastKnownFileType = sourcecode.swift; path = Theme.swift; sourceTree = "<group>"; };
		DBE5BCF42745241000724336 /* BaseNavigationController.swift */ = {isa = PBXFileReference; lastKnownFileType = sourcecode.swift; path = BaseNavigationController.swift; sourceTree = "<group>"; };
		DBE5BCF62745253500724336 /* BaseView.swift */ = {isa = PBXFileReference; lastKnownFileType = sourcecode.swift; path = BaseView.swift; sourceTree = "<group>"; };
		DBE5BCF8274525F900724336 /* BaseTableViewCell.swift */ = {isa = PBXFileReference; lastKnownFileType = sourcecode.swift; path = BaseTableViewCell.swift; sourceTree = "<group>"; };
		DBE5BCFA274526B300724336 /* BaseTableViewHeaderFooterView.swift */ = {isa = PBXFileReference; lastKnownFileType = sourcecode.swift; path = BaseTableViewHeaderFooterView.swift; sourceTree = "<group>"; };
		DBE5BCFC2745270500724336 /* BaseImageView.swift */ = {isa = PBXFileReference; lastKnownFileType = sourcecode.swift; path = BaseImageView.swift; sourceTree = "<group>"; };
		DBE5BCFE2745282D00724336 /* BaseLabel.swift */ = {isa = PBXFileReference; lastKnownFileType = sourcecode.swift; path = BaseLabel.swift; sourceTree = "<group>"; };
		DBE5BD6E27452FEF00724336 /* ImageDownloader.framework */ = {isa = PBXFileReference; explicitFileType = wrapper.framework; path = ImageDownloader.framework; sourceTree = BUILT_PRODUCTS_DIR; };
/* End PBXFileReference section */

/* Begin PBXFrameworksBuildPhase section */
		DBE5BBDA2743D0F300724336 /* Frameworks */ = {
			isa = PBXFrameworksBuildPhase;
			buildActionMask = 2147483647;
			files = (
				DBE5BCB82743DB8B00724336 /* Moya in Frameworks */,
				DBE5BD6F27452FEF00724336 /* ImageDownloader.framework in Frameworks */,
			);
			runOnlyForDeploymentPostprocessing = 0;
		};
		DBE5BBF02743D0F400724336 /* Frameworks */ = {
			isa = PBXFrameworksBuildPhase;
			buildActionMask = 2147483647;
			files = (
			);
			runOnlyForDeploymentPostprocessing = 0;
		};
		DBE5BBFB2743D0F400724336 /* Frameworks */ = {
			isa = PBXFrameworksBuildPhase;
			buildActionMask = 2147483647;
			files = (
			);
			runOnlyForDeploymentPostprocessing = 0;
		};
/* End PBXFrameworksBuildPhase section */

/* Begin PBXGroup section */
		DBCA93502745426300F5A439 /* Search */ = {
			isa = PBXGroup;
			children = (
				DBCA9359274542F700F5A439 /* ViewModels */,
				DBCA93512745427400F5A439 /* SearchModel.swift */,
				DBCA9357274542D200F5A439 /* SearchError.swift */,
			);
			path = Search;
			sourceTree = "<group>";
		};
		DBCA9359274542F700F5A439 /* ViewModels */ = {
			isa = PBXGroup;
			children = (
				DBCA935A2745431600F5A439 /* SearchViewModelSection.swift */,
				DBCA935C2745434900F5A439 /* SearchViewModelDisplayBook.swift */,
			);
			path = ViewModels;
			sourceTree = "<group>";
		};
		DBCA93622745473A00F5A439 /* Scenes */ = {
			isa = PBXGroup;
			children = (
				DBCA9372274551A600F5A439 /* Deatils */,
				DBCA9371274551A000F5A439 /* Search */,
			);
			path = Scenes;
			sourceTree = "<group>";
		};
		DBCA9371274551A000F5A439 /* Search */ = {
			isa = PBXGroup;
			children = (
				DBCA93732745520F00F5A439 /* SearchBuilder.swift */,
				DBCA93752745523E00F5A439 /* SearchInteractor.swift */,
				DBCA93772745537600F5A439 /* SearchPresenter.swift */,
				DBCA9379274553AD00F5A439 /* SearchRouter.swift */,
				DBCA937B274553DD00F5A439 /* SearchViewController.swift */,
			);
			path = Search;
			sourceTree = "<group>";
		};
		DBCA9372274551A600F5A439 /* Deatils */ = {
			isa = PBXGroup;
			children = (
				DBCA937F2745547800F5A439 /* BookDetailsBuilder.swift */,
				DBCA93892745552E00F5A439 /* BookDetailsInteractor.swift */,
				DBCA938B2745554A00F5A439 /* BookDetailsPresenter.swift */,
				DBCA938D2745556200F5A439 /* BookDetailsRouter.swift */,
				DBCA938F2745557600F5A439 /* BookDetailsViewController.swift */,
			);
			path = Deatils;
			sourceTree = "<group>";
		};
		DBCA9381274554C200F5A439 /* BookDetails */ = {
			isa = PBXGroup;
			children = (
				DBCA9386274554F400F5A439 /* ViewModels */,
				DBCA9382274554CE00F5A439 /* BookDetailsModel.swift */,
				DBCA9384274554E100F5A439 /* BookDetailsError.swift */,
			);
			path = BookDetails;
			sourceTree = "<group>";
		};
		DBCA9386274554F400F5A439 /* ViewModels */ = {
			isa = PBXGroup;
			children = (
				DBCA93872745550300F5A439 /* DetailsViewModelSection.swift */,
			);
			path = ViewModels;
			sourceTree = "<group>";
		};
		DBE5BBD42743D0F300724336 = {
			isa = PBXGroup;
			children = (
				DBE5BBDF2743D0F300724336 /* BookStore */,
				DBE5BBF62743D0F400724336 /* BookStoreTests */,
				DBE5BC012743D0F400724336 /* BookStoreUITests */,
				DBE5BBDE2743D0F300724336 /* Products */,
				DBE5BD6D27452FEF00724336 /* Frameworks */,
			);
			sourceTree = "<group>";
		};
		DBE5BBDE2743D0F300724336 /* Products */ = {
			isa = PBXGroup;
			children = (
				DBE5BBDD2743D0F300724336 /* BookStore.app */,
				DBE5BBF32743D0F400724336 /* BookStoreTests.xctest */,
				DBE5BBFE2743D0F400724336 /* BookStoreUITests.xctest */,
			);
			name = Products;
			sourceTree = "<group>";
		};
		DBE5BBDF2743D0F300724336 /* BookStore */ = {
			isa = PBXGroup;
			children = (
				DBE5BC3E2743D32B00724336 /* Resources */,
				DBE5BC9C2743D5AB00724336 /* Data */,
				DBE5BC9E2743D5C500724336 /* Domain */,
				DBE5BC9F2743D5DE00724336 /* Presentation */,
				DBE5BC3D2743D2D900724336 /* Root */,
			);
			path = BookStore;
			sourceTree = "<group>";
		};
		DBE5BBF62743D0F400724336 /* BookStoreTests */ = {
			isa = PBXGroup;
			children = (
				DBE5BCD82743FF6C00724336 /* BookDetailsRepositoryTests */,
				DBE5BCDF274401BA00724336 /* BookSearchRepositoryTests */,
				DBE5BBF92743D0F400724336 /* Info.plist */,
				DBE5BCE82745153300724336 /* ISBN13ValidatorTestCase.swift */,
			);
			path = BookStoreTests;
			sourceTree = "<group>";
		};
		DBE5BC012743D0F400724336 /* BookStoreUITests */ = {
			isa = PBXGroup;
			children = (
				DBE5BC022743D0F400724336 /* BookStoreUITests.swift */,
				DBE5BC042743D0F400724336 /* Info.plist */,
			);
			path = BookStoreUITests;
			sourceTree = "<group>";
		};
		DBE5BC3D2743D2D900724336 /* Root */ = {
			isa = PBXGroup;
			children = (
				DBE5BBE02743D0F300724336 /* AppDelegate.swift */,
				DBE5BBE22743D0F300724336 /* SceneDelegate.swift */,
			);
			path = Root;
			sourceTree = "<group>";
		};
		DBE5BC3E2743D32B00724336 /* Resources */ = {
			isa = PBXGroup;
			children = (
				DBE5BBE62743D0F300724336 /* Main.storyboard */,
				DBE5BBE92743D0F400724336 /* Assets.xcassets */,
				DBE5BBEB2743D0F400724336 /* LaunchScreen.storyboard */,
				DBE5BBEE2743D0F400724336 /* Info.plist */,
			);
			path = Resources;
			sourceTree = "<group>";
		};
		DBE5BC9C2743D5AB00724336 /* Data */ = {
			isa = PBXGroup;
			children = (
				DBE5BCAD2743D75900724336 /* Entites */,
				DBE5BCAC2743D73E00724336 /* DataSources */,
				DBE5BCAE2743D77200724336 /* Repositories */,
			);
			path = Data;
			sourceTree = "<group>";
		};
		DBE5BC9E2743D5C500724336 /* Domain */ = {
			isa = PBXGroup;
			children = (
				DBE5BCA62743D6E100724336 /* Models */,
				DBE5BCA72743D6EC00724336 /* UseCases */,
			);
			path = Domain;
			sourceTree = "<group>";
		};
		DBE5BC9F2743D5DE00724336 /* Presentation */ = {
			isa = PBXGroup;
			children = (
				DBE5BCEB274522A300724336 /* Protocols */,
				DBE5BCEA2745227D00724336 /* Extensions */,
				DBE5BCA22743D65100724336 /* UI */,
				DBCA93622745473A00F5A439 /* Scenes */,
			);
			path = Presentation;
			sourceTree = "<group>";
		};
		DBE5BCA22743D65100724336 /* UI */ = {
			isa = PBXGroup;
			children = (
				DBE5BCA52743D68B00724336 /* Theme */,
				DBE5BCA42743D66C00724336 /* BaseComponents */,
				DBE5BCA32743D66000724336 /* Views */,
			);
			path = UI;
			sourceTree = "<group>";
		};
		DBE5BCA32743D66000724336 /* Views */ = {
			isa = PBXGroup;
			children = (
				DBCA93632745477400F5A439 /* BookDetailsCell.swift */,
				DBCA93652745479300F5A439 /* BookDetailsHeaderView.swift */,
				DBCA93672745482600F5A439 /* BookDetailsSectionTitleHeaderView.swift */,
				DBCA93692745491500F5A439 /* BookTitleHeaderView.swift */,
				DBCA936B274549C700F5A439 /* TextContentsView.swift */,
				DBCA93912745563300F5A439 /* SearchResultCell.swift */,
			);
			path = Views;
			sourceTree = "<group>";
		};
		DBE5BCA42743D66C00724336 /* BaseComponents */ = {
			isa = PBXGroup;
			children = (
				DBE5BCFE2745282D00724336 /* BaseLabel.swift */,
				DBE5BCF62745253500724336 /* BaseView.swift */,
				DBE5BCFC2745270500724336 /* BaseImageView.swift */,
				DBE5BCF8274525F900724336 /* BaseTableViewCell.swift */,
				DBE5BCFA274526B300724336 /* BaseTableViewHeaderFooterView.swift */,
				DBE5BCF02745238000724336 /* BaseViewController.swift */,
				DBE5BCF42745241000724336 /* BaseNavigationController.swift */,
			);
			path = BaseComponents;
			sourceTree = "<group>";
		};
		DBE5BCA52743D68B00724336 /* Theme */ = {
			isa = PBXGroup;
			children = (
				DBE5BCF2274523A400724336 /* Theme.swift */,
			);
			path = Theme;
			sourceTree = "<group>";
		};
		DBE5BCA62743D6E100724336 /* Models */ = {
			isa = PBXGroup;
			children = (
				DBCA9381274554C200F5A439 /* BookDetails */,
				DBCA93502745426300F5A439 /* Search */,
				DBCA93532745429500F5A439 /* DisplayErrorMessage.swift */,
				DBCA9355274542B900F5A439 /* BooktTitleHeaderViewModel.swift */,
			);
			path = Models;
			sourceTree = "<group>";
		};
		DBE5BCA72743D6EC00724336 /* UseCases */ = {
			isa = PBXGroup;
			children = (
				DBE5BCE62745151000724336 /* ISBN13Validator.swift */,
			);
			path = UseCases;
			sourceTree = "<group>";
		};
		DBE5BCAC2743D73E00724336 /* DataSources */ = {
			isa = PBXGroup;
			children = (
				DBE5BCAF2743D81200724336 /* Network */,
			);
			path = DataSources;
			sourceTree = "<group>";
		};
		DBE5BCAD2743D75900724336 /* Entites */ = {
			isa = PBXGroup;
			children = (
				DBE5BCCB2743FDEC00724336 /* BookDetails.swift */,
				DBE5BCCD2743FE0B00724336 /* BookSearchResult.swift */,
			);
			path = Entites;
			sourceTree = "<group>";
		};
		DBE5BCAE2743D77200724336 /* Repositories */ = {
			isa = PBXGroup;
			children = (
				DBE5BCCF2743FE6800724336 /* NetworkRepository.swift */,
				DBE5BCD32743FEDD00724336 /* BookDetailsRepository.swift */,
				DBE5BCD12743FEB400724336 /* BookSearchRepository.swift */,
			);
			path = Repositories;
			sourceTree = "<group>";
		};
		DBE5BCAF2743D81200724336 /* Network */ = {
			isa = PBXGroup;
			children = (
				DBE5BCB12743D85400724336 /* Protocols */,
				DBE5BCB02743D84900724336 /* Fixtures */,
				DBE5BCC82743FCEA00724336 /* BookStoreAPI */,
				DBE5BCC92743FD1600724336 /* NetworkLogPlugin.swift */,
				DBE5BCC62743FCE000724336 /* NetworkProvider.swift */,
			);
			path = Network;
			sourceTree = "<group>";
		};
		DBE5BCB02743D84900724336 /* Fixtures */ = {
			isa = PBXGroup;
			children = (
				DBE5BCBE2743DD7100724336 /* SearchAPISampleDataFactory.swift */,
				DBE5BCC42743E9DE00724336 /* DetailsAPISampleDataFactory.swift */,
			);
			path = Fixtures;
			sourceTree = "<group>";
		};
		DBE5BCB12743D85400724336 /* Protocols */ = {
			isa = PBXGroup;
			children = (
				DBE5BCB92743DCB700724336 /* FixtureFactory.swift */,
				DBE5BCBC2743DCF100724336 /* EndpointTastable.swift */,
				DBE5BCC22743E0DF00724336 /* URLPathPercentEncodable.swift */,
			);
			path = Protocols;
			sourceTree = "<group>";
		};
		DBE5BCC82743FCEA00724336 /* BookStoreAPI */ = {
			isa = PBXGroup;
			children = (
				DBE5BCB22743D90000724336 /* BookStoreInformation.swift */,
				DBE5BCB42743D9D000724336 /* SearchAPI.swift */,
				DBE5BCC02743DEBF00724336 /* DetailsAPI.swift */,
			);
			path = BookStoreAPI;
			sourceTree = "<group>";
		};
		DBE5BCD82743FF6C00724336 /* BookDetailsRepositoryTests */ = {
			isa = PBXGroup;
			children = (
				DBE5BCDD2744001D00724336 /* BookDetailsRepositoryTestCase.swift */,
				DBE5BCD92743FF7F00724336 /* BookDetailsRepositoryStubTestCase.swift */,
				DBE5BCDB2743FFDD00724336 /* BookDetailsTestDataFactory.swift */,
			);
			path = BookDetailsRepositoryTests;
			sourceTree = "<group>";
		};
		DBE5BCDF274401BA00724336 /* BookSearchRepositoryTests */ = {
			isa = PBXGroup;
			children = (
				DBE5BCE42744028D00724336 /* BookSearchRepositoryTestCase.swift */,
				DBE5BCE0274401F600724336 /* BookSearchRepositoryStubTestCase.swift */,
				DBE5BCE22744021C00724336 /* BookSearchTestDataFactory.swift */,
			);
			path = BookSearchRepositoryTests;
			sourceTree = "<group>";
		};
		DBE5BCEA2745227D00724336 /* Extensions */ = {
			isa = PBXGroup;
			children = (
				DBE5BCEE274522DE00724336 /* UITableViewExtensions.swift */,
				DBCA936F2745514C00F5A439 /* UIImageViewExtensions.swift */,
			);
			path = Extensions;
			sourceTree = "<group>";
		};
		DBE5BCEB274522A300724336 /* Protocols */ = {
			isa = PBXGroup;
			children = (
				DBE5BCEC274522C000724336 /* ReuseIdentifiable.swift */,
				DBCA937D2745542D00F5A439 /* ErrorAlertable.swift */,
			);
			path = Protocols;
			sourceTree = "<group>";
		};
		DBE5BD6D27452FEF00724336 /* Frameworks */ = {
			isa = PBXGroup;
			children = (
				DBE5BD6E27452FEF00724336 /* ImageDownloader.framework */,
			);
			name = Frameworks;
			sourceTree = "<group>";
		};
/* End PBXGroup section */

/* Begin PBXNativeTarget section */
		DBE5BBDC2743D0F300724336 /* BookStore */ = {
			isa = PBXNativeTarget;
			buildConfigurationList = DBE5BC072743D0F400724336 /* Build configuration list for PBXNativeTarget "BookStore" */;
			buildPhases = (
				DBE5BBD92743D0F300724336 /* Sources */,
				DBE5BBDA2743D0F300724336 /* Frameworks */,
				DBE5BBDB2743D0F300724336 /* Resources */,
				DBE5BD7127452FEF00724336 /* Embed Frameworks */,
			);
			buildRules = (
			);
			dependencies = (
			);
			name = BookStore;
			packageProductDependencies = (
				DBE5BCB72743DB8B00724336 /* Moya */,
			);
			productName = BookStore;
			productReference = DBE5BBDD2743D0F300724336 /* BookStore.app */;
			productType = "com.apple.product-type.application";
		};
		DBE5BBF22743D0F400724336 /* BookStoreTests */ = {
			isa = PBXNativeTarget;
			buildConfigurationList = DBE5BC0A2743D0F400724336 /* Build configuration list for PBXNativeTarget "BookStoreTests" */;
			buildPhases = (
				DBE5BBEF2743D0F400724336 /* Sources */,
				DBE5BBF02743D0F400724336 /* Frameworks */,
				DBE5BBF12743D0F400724336 /* Resources */,
			);
			buildRules = (
			);
			dependencies = (
				DBE5BBF52743D0F400724336 /* PBXTargetDependency */,
			);
			name = BookStoreTests;
			productName = BookStoreTests;
			productReference = DBE5BBF32743D0F400724336 /* BookStoreTests.xctest */;
			productType = "com.apple.product-type.bundle.unit-test";
		};
		DBE5BBFD2743D0F400724336 /* BookStoreUITests */ = {
			isa = PBXNativeTarget;
			buildConfigurationList = DBE5BC0D2743D0F400724336 /* Build configuration list for PBXNativeTarget "BookStoreUITests" */;
			buildPhases = (
				DBE5BBFA2743D0F400724336 /* Sources */,
				DBE5BBFB2743D0F400724336 /* Frameworks */,
				DBE5BBFC2743D0F400724336 /* Resources */,
			);
			buildRules = (
			);
			dependencies = (
				DBE5BC002743D0F400724336 /* PBXTargetDependency */,
			);
			name = BookStoreUITests;
			productName = BookStoreUITests;
			productReference = DBE5BBFE2743D0F400724336 /* BookStoreUITests.xctest */;
			productType = "com.apple.product-type.bundle.ui-testing";
		};
/* End PBXNativeTarget section */

/* Begin PBXProject section */
		DBE5BBD52743D0F300724336 /* Project object */ = {
			isa = PBXProject;
			attributes = {
				LastSwiftUpdateCheck = 1250;
				LastUpgradeCheck = 1250;
				TargetAttributes = {
					DBE5BBDC2743D0F300724336 = {
						CreatedOnToolsVersion = 12.5.1;
					};
					DBE5BBF22743D0F400724336 = {
						CreatedOnToolsVersion = 12.5.1;
						TestTargetID = DBE5BBDC2743D0F300724336;
					};
					DBE5BBFD2743D0F400724336 = {
						CreatedOnToolsVersion = 12.5.1;
						TestTargetID = DBE5BBDC2743D0F300724336;
					};
				};
			};
			buildConfigurationList = DBE5BBD82743D0F300724336 /* Build configuration list for PBXProject "BookStore" */;
			compatibilityVersion = "Xcode 9.3";
			developmentRegion = en;
			hasScannedForEncodings = 0;
			knownRegions = (
				en,
				Base,
			);
			mainGroup = DBE5BBD42743D0F300724336;
			packageReferences = (
				DBE5BCB62743DB8B00724336 /* XCRemoteSwiftPackageReference "Moya" */,
			);
			productRefGroup = DBE5BBDE2743D0F300724336 /* Products */;
			projectDirPath = "";
			projectRoot = "";
			targets = (
				DBE5BBDC2743D0F300724336 /* BookStore */,
				DBE5BBF22743D0F400724336 /* BookStoreTests */,
				DBE5BBFD2743D0F400724336 /* BookStoreUITests */,
			);
		};
/* End PBXProject section */

/* Begin PBXResourcesBuildPhase section */
		DBE5BBDB2743D0F300724336 /* Resources */ = {
			isa = PBXResourcesBuildPhase;
			buildActionMask = 2147483647;
			files = (
				DBE5BBED2743D0F400724336 /* LaunchScreen.storyboard in Resources */,
				DBE5BBEA2743D0F400724336 /* Assets.xcassets in Resources */,
				DBE5BBE82743D0F300724336 /* Main.storyboard in Resources */,
			);
			runOnlyForDeploymentPostprocessing = 0;
		};
		DBE5BBF12743D0F400724336 /* Resources */ = {
			isa = PBXResourcesBuildPhase;
			buildActionMask = 2147483647;
			files = (
			);
			runOnlyForDeploymentPostprocessing = 0;
		};
		DBE5BBFC2743D0F400724336 /* Resources */ = {
			isa = PBXResourcesBuildPhase;
			buildActionMask = 2147483647;
			files = (
			);
			runOnlyForDeploymentPostprocessing = 0;
		};
/* End PBXResourcesBuildPhase section */

/* Begin PBXSourcesBuildPhase section */
		DBE5BBD92743D0F300724336 /* Sources */ = {
			isa = PBXSourcesBuildPhase;
			buildActionMask = 2147483647;
			files = (
				DBE5BCEF274522DE00724336 /* UITableViewExtensions.swift in Sources */,
				DBE5BCBF2743DD7100724336 /* SearchAPISampleDataFactory.swift in Sources */,
				DBCA93702745514C00F5A439 /* UIImageViewExtensions.swift in Sources */,
				DBCA93522745427400F5A439 /* SearchModel.swift in Sources */,
				DBE5BCF3274523A400724336 /* Theme.swift in Sources */,
				DBE5BCC52743E9DE00724336 /* DetailsAPISampleDataFactory.swift in Sources */,
				DBE5BCB52743D9D000724336 /* SearchAPI.swift in Sources */,
				DBE5BBE12743D0F300724336 /* AppDelegate.swift in Sources */,
				DBE5BCCA2743FD1600724336 /* NetworkLogPlugin.swift in Sources */,
				DBCA93922745563300F5A439 /* SearchResultCell.swift in Sources */,
				DBE5BCF52745241000724336 /* BaseNavigationController.swift in Sources */,
				DBCA935D2745434900F5A439 /* SearchViewModelDisplayBook.swift in Sources */,
				DBE5BCED274522C000724336 /* ReuseIdentifiable.swift in Sources */,
				DBCA9358274542D200F5A439 /* SearchError.swift in Sources */,
				DBE5BCC72743FCE000724336 /* NetworkProvider.swift in Sources */,
				DBE5BCD42743FEDD00724336 /* BookDetailsRepository.swift in Sources */,
				DBE5BCF72745253500724336 /* BaseView.swift in Sources */,
				DBCA9383274554CE00F5A439 /* BookDetailsModel.swift in Sources */,
				DBCA93742745520F00F5A439 /* SearchBuilder.swift in Sources */,
				DBCA93682745482600F5A439 /* BookDetailsSectionTitleHeaderView.swift in Sources */,
				DBE5BCB32743D90000724336 /* BookStoreInformation.swift in Sources */,
				DBE5BCFB274526B300724336 /* BaseTableViewHeaderFooterView.swift in Sources */,
				DBCA93662745479300F5A439 /* BookDetailsHeaderView.swift in Sources */,
				DBCA937E2745542D00F5A439 /* ErrorAlertable.swift in Sources */,
				DBCA9356274542B900F5A439 /* BooktTitleHeaderViewModel.swift in Sources */,
				DBE5BCBA2743DCB700724336 /* FixtureFactory.swift in Sources */,
				DBCA9385274554E100F5A439 /* BookDetailsError.swift in Sources */,
				DBCA93902745557600F5A439 /* BookDetailsViewController.swift in Sources */,
				DBE5BCBD2743DCF100724336 /* EndpointTastable.swift in Sources */,
				DBE5BCF12745238000724336 /* BaseViewController.swift in Sources */,
				DBE5BBE32743D0F300724336 /* SceneDelegate.swift in Sources */,
				DBCA938A2745552E00F5A439 /* BookDetailsInteractor.swift in Sources */,
				DBE5BCC32743E0DF00724336 /* URLPathPercentEncodable.swift in Sources */,
				DBE5BCD02743FE6800724336 /* NetworkRepository.swift in Sources */,
				DBCA936A2745491500F5A439 /* BookTitleHeaderView.swift in Sources */,
				DBCA93882745550300F5A439 /* DetailsViewModelSection.swift in Sources */,
				DBCA93642745477400F5A439 /* BookDetailsCell.swift in Sources */,
				DBCA93542745429500F5A439 /* DisplayErrorMessage.swift in Sources */,
				DBE5BCC12743DEBF00724336 /* DetailsAPI.swift in Sources */,
				DBE5BCCE2743FE0B00724336 /* BookSearchResult.swift in Sources */,
				DBE5BCFF2745282D00724336 /* BaseLabel.swift in Sources */,
				DBCA937A274553AD00F5A439 /* SearchRouter.swift in Sources */,
				DBCA937C274553DD00F5A439 /* SearchViewController.swift in Sources */,
				DBCA938E2745556200F5A439 /* BookDetailsRouter.swift in Sources */,
				DBE5BCCC2743FDEC00724336 /* BookDetails.swift in Sources */,
				DBE5BCE72745151000724336 /* ISBN13Validator.swift in Sources */,
				DBCA93782745537600F5A439 /* SearchPresenter.swift in Sources */,
				DBE5BCF9274525F900724336 /* BaseTableViewCell.swift in Sources */,
				DBCA93762745523E00F5A439 /* SearchInteractor.swift in Sources */,
				DBCA93802745547800F5A439 /* BookDetailsBuilder.swift in Sources */,
				DBE5BCD22743FEB400724336 /* BookSearchRepository.swift in Sources */,
				DBCA935B2745431600F5A439 /* SearchViewModelSection.swift in Sources */,
				DBCA938C2745554A00F5A439 /* BookDetailsPresenter.swift in Sources */,
				DBE5BCFD2745270500724336 /* BaseImageView.swift in Sources */,
				DBCA936C274549C700F5A439 /* TextContentsView.swift in Sources */,
			);
			runOnlyForDeploymentPostprocessing = 0;
		};
		DBE5BBEF2743D0F400724336 /* Sources */ = {
			isa = PBXSourcesBuildPhase;
			buildActionMask = 2147483647;
			files = (
				DBE5BCE32744021C00724336 /* BookSearchTestDataFactory.swift in Sources */,
				DBE5BCE1274401F600724336 /* BookSearchRepositoryStubTestCase.swift in Sources */,
				DBE5BCE92745153300724336 /* ISBN13ValidatorTestCase.swift in Sources */,
				DBE5BCDA2743FF7F00724336 /* BookDetailsRepositoryStubTestCase.swift in Sources */,
				DBE5BCDC2743FFDD00724336 /* BookDetailsTestDataFactory.swift in Sources */,
				DBE5BCE52744028D00724336 /* BookSearchRepositoryTestCase.swift in Sources */,
				DBE5BCDE2744001D00724336 /* BookDetailsRepositoryTestCase.swift in Sources */,
			);
			runOnlyForDeploymentPostprocessing = 0;
		};
		DBE5BBFA2743D0F400724336 /* Sources */ = {
			isa = PBXSourcesBuildPhase;
			buildActionMask = 2147483647;
			files = (
				DBE5BC032743D0F400724336 /* BookStoreUITests.swift in Sources */,
			);
			runOnlyForDeploymentPostprocessing = 0;
		};
/* End PBXSourcesBuildPhase section */

/* Begin PBXTargetDependency section */
		DBE5BBF52743D0F400724336 /* PBXTargetDependency */ = {
			isa = PBXTargetDependency;
			target = DBE5BBDC2743D0F300724336 /* BookStore */;
			targetProxy = DBE5BBF42743D0F400724336 /* PBXContainerItemProxy */;
		};
		DBE5BC002743D0F400724336 /* PBXTargetDependency */ = {
			isa = PBXTargetDependency;
			target = DBE5BBDC2743D0F300724336 /* BookStore */;
			targetProxy = DBE5BBFF2743D0F400724336 /* PBXContainerItemProxy */;
		};
/* End PBXTargetDependency section */

/* Begin PBXVariantGroup section */
		DBE5BBE62743D0F300724336 /* Main.storyboard */ = {
			isa = PBXVariantGroup;
			children = (
				DBE5BBE72743D0F300724336 /* Base */,
			);
			name = Main.storyboard;
			sourceTree = "<group>";
		};
		DBE5BBEB2743D0F400724336 /* LaunchScreen.storyboard */ = {
			isa = PBXVariantGroup;
			children = (
				DBE5BBEC2743D0F400724336 /* Base */,
			);
			name = LaunchScreen.storyboard;
			sourceTree = "<group>";
		};
/* End PBXVariantGroup section */

/* Begin XCBuildConfiguration section */
		DBE5BC052743D0F400724336 /* Debug */ = {
			isa = XCBuildConfiguration;
			buildSettings = {
				ALWAYS_SEARCH_USER_PATHS = NO;
				CLANG_ANALYZER_NONNULL = YES;
				CLANG_ANALYZER_NUMBER_OBJECT_CONVERSION = YES_AGGRESSIVE;
				CLANG_CXX_LANGUAGE_STANDARD = "gnu++14";
				CLANG_CXX_LIBRARY = "libc++";
				CLANG_ENABLE_MODULES = YES;
				CLANG_ENABLE_OBJC_ARC = YES;
				CLANG_ENABLE_OBJC_WEAK = YES;
				CLANG_WARN_BLOCK_CAPTURE_AUTORELEASING = YES;
				CLANG_WARN_BOOL_CONVERSION = YES;
				CLANG_WARN_COMMA = YES;
				CLANG_WARN_CONSTANT_CONVERSION = YES;
				CLANG_WARN_DEPRECATED_OBJC_IMPLEMENTATIONS = YES;
				CLANG_WARN_DIRECT_OBJC_ISA_USAGE = YES_ERROR;
				CLANG_WARN_DOCUMENTATION_COMMENTS = YES;
				CLANG_WARN_EMPTY_BODY = YES;
				CLANG_WARN_ENUM_CONVERSION = YES;
				CLANG_WARN_INFINITE_RECURSION = YES;
				CLANG_WARN_INT_CONVERSION = YES;
				CLANG_WARN_NON_LITERAL_NULL_CONVERSION = YES;
				CLANG_WARN_OBJC_IMPLICIT_RETAIN_SELF = YES;
				CLANG_WARN_OBJC_LITERAL_CONVERSION = YES;
				CLANG_WARN_OBJC_ROOT_CLASS = YES_ERROR;
				CLANG_WARN_QUOTED_INCLUDE_IN_FRAMEWORK_HEADER = YES;
				CLANG_WARN_RANGE_LOOP_ANALYSIS = YES;
				CLANG_WARN_STRICT_PROTOTYPES = YES;
				CLANG_WARN_SUSPICIOUS_MOVE = YES;
				CLANG_WARN_UNGUARDED_AVAILABILITY = YES_AGGRESSIVE;
				CLANG_WARN_UNREACHABLE_CODE = YES;
				CLANG_WARN__DUPLICATE_METHOD_MATCH = YES;
				COPY_PHASE_STRIP = NO;
				DEBUG_INFORMATION_FORMAT = dwarf;
				ENABLE_STRICT_OBJC_MSGSEND = YES;
				ENABLE_TESTABILITY = YES;
				GCC_C_LANGUAGE_STANDARD = gnu11;
				GCC_DYNAMIC_NO_PIC = NO;
				GCC_NO_COMMON_BLOCKS = YES;
				GCC_OPTIMIZATION_LEVEL = 0;
				GCC_PREPROCESSOR_DEFINITIONS = (
					"DEBUG=1",
					"$(inherited)",
				);
				GCC_WARN_64_TO_32_BIT_CONVERSION = YES;
				GCC_WARN_ABOUT_RETURN_TYPE = YES_ERROR;
				GCC_WARN_UNDECLARED_SELECTOR = YES;
				GCC_WARN_UNINITIALIZED_AUTOS = YES_AGGRESSIVE;
				GCC_WARN_UNUSED_FUNCTION = YES;
				GCC_WARN_UNUSED_VARIABLE = YES;
				IPHONEOS_DEPLOYMENT_TARGET = 14.5;
				MTL_ENABLE_DEBUG_INFO = INCLUDE_SOURCE;
				MTL_FAST_MATH = YES;
				ONLY_ACTIVE_ARCH = YES;
				SDKROOT = iphoneos;
				SWIFT_ACTIVE_COMPILATION_CONDITIONS = DEBUG;
				SWIFT_OPTIMIZATION_LEVEL = "-Onone";
			};
			name = Debug;
		};
		DBE5BC062743D0F400724336 /* Release */ = {
			isa = XCBuildConfiguration;
			buildSettings = {
				ALWAYS_SEARCH_USER_PATHS = NO;
				CLANG_ANALYZER_NONNULL = YES;
				CLANG_ANALYZER_NUMBER_OBJECT_CONVERSION = YES_AGGRESSIVE;
				CLANG_CXX_LANGUAGE_STANDARD = "gnu++14";
				CLANG_CXX_LIBRARY = "libc++";
				CLANG_ENABLE_MODULES = YES;
				CLANG_ENABLE_OBJC_ARC = YES;
				CLANG_ENABLE_OBJC_WEAK = YES;
				CLANG_WARN_BLOCK_CAPTURE_AUTORELEASING = YES;
				CLANG_WARN_BOOL_CONVERSION = YES;
				CLANG_WARN_COMMA = YES;
				CLANG_WARN_CONSTANT_CONVERSION = YES;
				CLANG_WARN_DEPRECATED_OBJC_IMPLEMENTATIONS = YES;
				CLANG_WARN_DIRECT_OBJC_ISA_USAGE = YES_ERROR;
				CLANG_WARN_DOCUMENTATION_COMMENTS = YES;
				CLANG_WARN_EMPTY_BODY = YES;
				CLANG_WARN_ENUM_CONVERSION = YES;
				CLANG_WARN_INFINITE_RECURSION = YES;
				CLANG_WARN_INT_CONVERSION = YES;
				CLANG_WARN_NON_LITERAL_NULL_CONVERSION = YES;
				CLANG_WARN_OBJC_IMPLICIT_RETAIN_SELF = YES;
				CLANG_WARN_OBJC_LITERAL_CONVERSION = YES;
				CLANG_WARN_OBJC_ROOT_CLASS = YES_ERROR;
				CLANG_WARN_QUOTED_INCLUDE_IN_FRAMEWORK_HEADER = YES;
				CLANG_WARN_RANGE_LOOP_ANALYSIS = YES;
				CLANG_WARN_STRICT_PROTOTYPES = YES;
				CLANG_WARN_SUSPICIOUS_MOVE = YES;
				CLANG_WARN_UNGUARDED_AVAILABILITY = YES_AGGRESSIVE;
				CLANG_WARN_UNREACHABLE_CODE = YES;
				CLANG_WARN__DUPLICATE_METHOD_MATCH = YES;
				COPY_PHASE_STRIP = NO;
				DEBUG_INFORMATION_FORMAT = "dwarf-with-dsym";
				ENABLE_NS_ASSERTIONS = NO;
				ENABLE_STRICT_OBJC_MSGSEND = YES;
				GCC_C_LANGUAGE_STANDARD = gnu11;
				GCC_NO_COMMON_BLOCKS = YES;
				GCC_WARN_64_TO_32_BIT_CONVERSION = YES;
				GCC_WARN_ABOUT_RETURN_TYPE = YES_ERROR;
				GCC_WARN_UNDECLARED_SELECTOR = YES;
				GCC_WARN_UNINITIALIZED_AUTOS = YES_AGGRESSIVE;
				GCC_WARN_UNUSED_FUNCTION = YES;
				GCC_WARN_UNUSED_VARIABLE = YES;
				IPHONEOS_DEPLOYMENT_TARGET = 14.5;
				MTL_ENABLE_DEBUG_INFO = NO;
				MTL_FAST_MATH = YES;
				SDKROOT = iphoneos;
				SWIFT_COMPILATION_MODE = wholemodule;
				SWIFT_OPTIMIZATION_LEVEL = "-O";
				VALIDATE_PRODUCT = YES;
			};
			name = Release;
		};
		DBE5BC082743D0F400724336 /* Debug */ = {
			isa = XCBuildConfiguration;
			buildSettings = {
				ASSETCATALOG_COMPILER_APPICON_NAME = AppIcon;
				ASSETCATALOG_COMPILER_GLOBAL_ACCENT_COLOR_NAME = AccentColor;
				CODE_SIGN_STYLE = Automatic;
				DEVELOPMENT_TEAM = M77W68G9P5;
				INFOPLIST_FILE = BookStore/Resources/Info.plist;
				LD_RUNPATH_SEARCH_PATHS = (
					"$(inherited)",
					"@executable_path/Frameworks",
				);
				PRODUCT_BUNDLE_IDENTIFIER = com.elonpark.BookStore;
				PRODUCT_NAME = "$(TARGET_NAME)";
				SWIFT_VERSION = 5.0;
				TARGETED_DEVICE_FAMILY = "1,2";
			};
			name = Debug;
		};
		DBE5BC092743D0F400724336 /* Release */ = {
			isa = XCBuildConfiguration;
			buildSettings = {
				ASSETCATALOG_COMPILER_APPICON_NAME = AppIcon;
				ASSETCATALOG_COMPILER_GLOBAL_ACCENT_COLOR_NAME = AccentColor;
				CODE_SIGN_STYLE = Automatic;
				DEVELOPMENT_TEAM = M77W68G9P5;
				INFOPLIST_FILE = BookStore/Resources/Info.plist;
				LD_RUNPATH_SEARCH_PATHS = (
					"$(inherited)",
					"@executable_path/Frameworks",
				);
				PRODUCT_BUNDLE_IDENTIFIER = com.elonpark.BookStore;
				PRODUCT_NAME = "$(TARGET_NAME)";
				SWIFT_VERSION = 5.0;
				TARGETED_DEVICE_FAMILY = "1,2";
			};
			name = Release;
		};
		DBE5BC0B2743D0F400724336 /* Debug */ = {
			isa = XCBuildConfiguration;
			buildSettings = {
				ALWAYS_EMBED_SWIFT_STANDARD_LIBRARIES = YES;
				BUNDLE_LOADER = "$(TEST_HOST)";
				CODE_SIGN_STYLE = Automatic;
				DEVELOPMENT_TEAM = M77W68G9P5;
				INFOPLIST_FILE = BookStoreTests/Info.plist;
				IPHONEOS_DEPLOYMENT_TARGET = 14.5;
				LD_RUNPATH_SEARCH_PATHS = (
					"$(inherited)",
					"@executable_path/Frameworks",
					"@loader_path/Frameworks",
				);
				PRODUCT_BUNDLE_IDENTIFIER = com.elonpark.BookStoreTests;
				PRODUCT_NAME = "$(TARGET_NAME)";
				SWIFT_VERSION = 5.0;
				TARGETED_DEVICE_FAMILY = "1,2";
				TEST_HOST = "$(BUILT_PRODUCTS_DIR)/BookStore.app/BookStore";
			};
			name = Debug;
		};
		DBE5BC0C2743D0F400724336 /* Release */ = {
			isa = XCBuildConfiguration;
			buildSettings = {
				ALWAYS_EMBED_SWIFT_STANDARD_LIBRARIES = YES;
				BUNDLE_LOADER = "$(TEST_HOST)";
				CODE_SIGN_STYLE = Automatic;
				DEVELOPMENT_TEAM = M77W68G9P5;
				INFOPLIST_FILE = BookStoreTests/Info.plist;
				IPHONEOS_DEPLOYMENT_TARGET = 14.5;
				LD_RUNPATH_SEARCH_PATHS = (
					"$(inherited)",
					"@executable_path/Frameworks",
					"@loader_path/Frameworks",
				);
				PRODUCT_BUNDLE_IDENTIFIER = com.elonpark.BookStoreTests;
				PRODUCT_NAME = "$(TARGET_NAME)";
				SWIFT_VERSION = 5.0;
				TARGETED_DEVICE_FAMILY = "1,2";
				TEST_HOST = "$(BUILT_PRODUCTS_DIR)/BookStore.app/BookStore";
			};
			name = Release;
		};
		DBE5BC0E2743D0F400724336 /* Debug */ = {
			isa = XCBuildConfiguration;
			buildSettings = {
				ALWAYS_EMBED_SWIFT_STANDARD_LIBRARIES = YES;
				CODE_SIGN_STYLE = Automatic;
				DEVELOPMENT_TEAM = M77W68G9P5;
				INFOPLIST_FILE = BookStoreUITests/Info.plist;
				LD_RUNPATH_SEARCH_PATHS = (
					"$(inherited)",
					"@executable_path/Frameworks",
					"@loader_path/Frameworks",
				);
				PRODUCT_BUNDLE_IDENTIFIER = com.elonpark.BookStoreUITests;
				PRODUCT_NAME = "$(TARGET_NAME)";
				SWIFT_VERSION = 5.0;
				TARGETED_DEVICE_FAMILY = "1,2";
				TEST_TARGET_NAME = BookStore;
			};
			name = Debug;
		};
		DBE5BC0F2743D0F400724336 /* Release */ = {
			isa = XCBuildConfiguration;
			buildSettings = {
				ALWAYS_EMBED_SWIFT_STANDARD_LIBRARIES = YES;
				CODE_SIGN_STYLE = Automatic;
				DEVELOPMENT_TEAM = M77W68G9P5;
				INFOPLIST_FILE = BookStoreUITests/Info.plist;
				LD_RUNPATH_SEARCH_PATHS = (
					"$(inherited)",
					"@executable_path/Frameworks",
					"@loader_path/Frameworks",
				);
				PRODUCT_BUNDLE_IDENTIFIER = com.elonpark.BookStoreUITests;
				PRODUCT_NAME = "$(TARGET_NAME)";
				SWIFT_VERSION = 5.0;
				TARGETED_DEVICE_FAMILY = "1,2";
				TEST_TARGET_NAME = BookStore;
			};
			name = Release;
		};
/* End XCBuildConfiguration section */

/* Begin XCConfigurationList section */
		DBE5BBD82743D0F300724336 /* Build configuration list for PBXProject "BookStore" */ = {
			isa = XCConfigurationList;
			buildConfigurations = (
				DBE5BC052743D0F400724336 /* Debug */,
				DBE5BC062743D0F400724336 /* Release */,
			);
			defaultConfigurationIsVisible = 0;
			defaultConfigurationName = Release;
		};
		DBE5BC072743D0F400724336 /* Build configuration list for PBXNativeTarget "BookStore" */ = {
			isa = XCConfigurationList;
			buildConfigurations = (
				DBE5BC082743D0F400724336 /* Debug */,
				DBE5BC092743D0F400724336 /* Release */,
			);
			defaultConfigurationIsVisible = 0;
			defaultConfigurationName = Release;
		};
		DBE5BC0A2743D0F400724336 /* Build configuration list for PBXNativeTarget "BookStoreTests" */ = {
			isa = XCConfigurationList;
			buildConfigurations = (
				DBE5BC0B2743D0F400724336 /* Debug */,
				DBE5BC0C2743D0F400724336 /* Release */,
			);
			defaultConfigurationIsVisible = 0;
			defaultConfigurationName = Release;
		};
		DBE5BC0D2743D0F400724336 /* Build configuration list for PBXNativeTarget "BookStoreUITests" */ = {
			isa = XCConfigurationList;
			buildConfigurations = (
				DBE5BC0E2743D0F400724336 /* Debug */,
				DBE5BC0F2743D0F400724336 /* Release */,
			);
			defaultConfigurationIsVisible = 0;
			defaultConfigurationName = Release;
		};
/* End XCConfigurationList section */

/* Begin XCRemoteSwiftPackageReference section */
		DBE5BCB62743DB8B00724336 /* XCRemoteSwiftPackageReference "Moya" */ = {
			isa = XCRemoteSwiftPackageReference;
			repositoryURL = "https://github.com/Moya/Moya";
			requirement = {
				kind = upToNextMajorVersion;
				minimumVersion = 15.0.0;
			};
		};
/* End XCRemoteSwiftPackageReference section */

/* Begin XCSwiftPackageProductDependency section */
		DBE5BCB72743DB8B00724336 /* Moya */ = {
			isa = XCSwiftPackageProductDependency;
			package = DBE5BCB62743DB8B00724336 /* XCRemoteSwiftPackageReference "Moya" */;
			productName = Moya;
		};
/* End XCSwiftPackageProductDependency section */
	};
	rootObject = DBE5BBD52743D0F300724336 /* Project object */;
}
